// !$*UTF8*$!
{
	archiveVersion = 1;
	classes = {
	};
	objectVersion = 55;
	objects = {

/* Begin PBXBuildFile section */
		3FC5FEF328183BA500F23386 /* AppDelegate.swift in Sources */ = {isa = PBXBuildFile; fileRef = 3FC5FEF228183BA500F23386 /* AppDelegate.swift */; };
		3FC5FEF528183BA500F23386 /* SceneDelegate.swift in Sources */ = {isa = PBXBuildFile; fileRef = 3FC5FEF428183BA500F23386 /* SceneDelegate.swift */; };
		3FC5FEFA28183BA500F23386 /* Main.storyboard in Resources */ = {isa = PBXBuildFile; fileRef = 3FC5FEF828183BA500F23386 /* Main.storyboard */; };
		3FC5FEFC28183BA600F23386 /* Assets.xcassets in Resources */ = {isa = PBXBuildFile; fileRef = 3FC5FEFB28183BA600F23386 /* Assets.xcassets */; };
		3FC5FEFF28183BA600F23386 /* LaunchScreen.storyboard in Resources */ = {isa = PBXBuildFile; fileRef = 3FC5FEFD28183BA600F23386 /* LaunchScreen.storyboard */; };
		3FC5FF0A28183BA600F23386 /* Tsytsyk_ContactListTests.swift in Sources */ = {isa = PBXBuildFile; fileRef = 3FC5FF0928183BA600F23386 /* Tsytsyk_ContactListTests.swift */; };
		3FC5FF1428183BA600F23386 /* Tsytsyk_ContactListUITests.swift in Sources */ = {isa = PBXBuildFile; fileRef = 3FC5FF1328183BA600F23386 /* Tsytsyk_ContactListUITests.swift */; };
		3FC5FF1628183BA600F23386 /* Tsytsyk_ContactListUITestsLaunchTests.swift in Sources */ = {isa = PBXBuildFile; fileRef = 3FC5FF1528183BA600F23386 /* Tsytsyk_ContactListUITestsLaunchTests.swift */; };
		3FC5FF2328183C3E00F23386 /* ContactDetailViewController.swift in Sources */ = {isa = PBXBuildFile; fileRef = 3FC5FF2228183C3E00F23386 /* ContactDetailViewController.swift */; };
		3FC5FF2528183C5400F23386 /* CreateContactViewController.swift in Sources */ = {isa = PBXBuildFile; fileRef = 3FC5FF2428183C5400F23386 /* CreateContactViewController.swift */; };
		3FC5FF27281845A300F23386 /* ContactListViewController.swift in Sources */ = {isa = PBXBuildFile; fileRef = 3FC5FF26281845A300F23386 /* ContactListViewController.swift */; };
/* End PBXBuildFile section */

/* Begin PBXContainerItemProxy section */
		3FC5FF0628183BA600F23386 /* PBXContainerItemProxy */ = {
			isa = PBXContainerItemProxy;
			containerPortal = 3FC5FEE728183BA500F23386 /* Project object */;
			proxyType = 1;
			remoteGlobalIDString = 3FC5FEEE28183BA500F23386;
			remoteInfo = Tsytsyk_ContactList;
		};
		3FC5FF1028183BA600F23386 /* PBXContainerItemProxy */ = {
			isa = PBXContainerItemProxy;
			containerPortal = 3FC5FEE728183BA500F23386 /* Project object */;
			proxyType = 1;
			remoteGlobalIDString = 3FC5FEEE28183BA500F23386;
			remoteInfo = Tsytsyk_ContactList;
		};
/* End PBXContainerItemProxy section */

/* Begin PBXFileReference section */
		3FC5FEEF28183BA500F23386 /* Tsytsyk_ContactList.app */ = {isa = PBXFileReference; explicitFileType = wrapper.application; includeInIndex = 0; path = Tsytsyk_ContactList.app; sourceTree = BUILT_PRODUCTS_DIR; };
		3FC5FEF228183BA500F23386 /* AppDelegate.swift */ = {isa = PBXFileReference; lastKnownFileType = sourcecode.swift; path = AppDelegate.swift; sourceTree = "<group>"; };
		3FC5FEF428183BA500F23386 /* SceneDelegate.swift */ = {isa = PBXFileReference; lastKnownFileType = sourcecode.swift; path = SceneDelegate.swift; sourceTree = "<group>"; };
		3FC5FEF928183BA500F23386 /* Base */ = {isa = PBXFileReference; lastKnownFileType = file.storyboard; name = Base; path = Base.lproj/Main.storyboard; sourceTree = "<group>"; };
		3FC5FEFB28183BA600F23386 /* Assets.xcassets */ = {isa = PBXFileReference; lastKnownFileType = folder.assetcatalog; path = Assets.xcassets; sourceTree = "<group>"; };
		3FC5FEFE28183BA600F23386 /* Base */ = {isa = PBXFileReference; lastKnownFileType = file.storyboard; name = Base; path = Base.lproj/LaunchScreen.storyboard; sourceTree = "<group>"; };
		3FC5FF0028183BA600F23386 /* Info.plist */ = {isa = PBXFileReference; lastKnownFileType = text.plist.xml; path = Info.plist; sourceTree = "<group>"; };
		3FC5FF0528183BA600F23386 /* Tsytsyk_ContactListTests.xctest */ = {isa = PBXFileReference; explicitFileType = wrapper.cfbundle; includeInIndex = 0; path = Tsytsyk_ContactListTests.xctest; sourceTree = BUILT_PRODUCTS_DIR; };
		3FC5FF0928183BA600F23386 /* Tsytsyk_ContactListTests.swift */ = {isa = PBXFileReference; lastKnownFileType = sourcecode.swift; path = Tsytsyk_ContactListTests.swift; sourceTree = "<group>"; };
		3FC5FF0F28183BA600F23386 /* Tsytsyk_ContactListUITests.xctest */ = {isa = PBXFileReference; explicitFileType = wrapper.cfbundle; includeInIndex = 0; path = Tsytsyk_ContactListUITests.xctest; sourceTree = BUILT_PRODUCTS_DIR; };
		3FC5FF1328183BA600F23386 /* Tsytsyk_ContactListUITests.swift */ = {isa = PBXFileReference; lastKnownFileType = sourcecode.swift; path = Tsytsyk_ContactListUITests.swift; sourceTree = "<group>"; };
		3FC5FF1528183BA600F23386 /* Tsytsyk_ContactListUITestsLaunchTests.swift */ = {isa = PBXFileReference; lastKnownFileType = sourcecode.swift; path = Tsytsyk_ContactListUITestsLaunchTests.swift; sourceTree = "<group>"; };
		3FC5FF2228183C3E00F23386 /* ContactDetailViewController.swift */ = {isa = PBXFileReference; lastKnownFileType = sourcecode.swift; path = ContactDetailViewController.swift; sourceTree = "<group>"; };
		3FC5FF2428183C5400F23386 /* CreateContactViewController.swift */ = {isa = PBXFileReference; lastKnownFileType = sourcecode.swift; path = CreateContactViewController.swift; sourceTree = "<group>"; };
		3FC5FF26281845A300F23386 /* ContactListViewController.swift */ = {isa = PBXFileReference; lastKnownFileType = sourcecode.swift; path = ContactListViewController.swift; sourceTree = "<group>"; };
/* End PBXFileReference section */

/* Begin PBXFrameworksBuildPhase section */
		3FC5FEEC28183BA500F23386 /* Frameworks */ = {
			isa = PBXFrameworksBuildPhase;
			buildActionMask = 2147483647;
			files = (
			);
			runOnlyForDeploymentPostprocessing = 0;
		};
		3FC5FF0228183BA600F23386 /* Frameworks */ = {
			isa = PBXFrameworksBuildPhase;
			buildActionMask = 2147483647;
			files = (
			);
			runOnlyForDeploymentPostprocessing = 0;
		};
		3FC5FF0C28183BA600F23386 /* Frameworks */ = {
			isa = PBXFrameworksBuildPhase;
			buildActionMask = 2147483647;
			files = (
			);
			runOnlyForDeploymentPostprocessing = 0;
		};
/* End PBXFrameworksBuildPhase section */

/* Begin PBXGroup section */
		3FC5FEE628183BA500F23386 = {
			isa = PBXGroup;
			children = (
				3FC5FEF128183BA500F23386 /* Tsytsyk_ContactList */,
				3FC5FF0828183BA600F23386 /* Tsytsyk_ContactListTests */,
				3FC5FF1228183BA600F23386 /* Tsytsyk_ContactListUITests */,
				3FC5FEF028183BA500F23386 /* Products */,
			);
			sourceTree = "<group>";
		};
		3FC5FEF028183BA500F23386 /* Products */ = {
			isa = PBXGroup;
			children = (
				3FC5FEEF28183BA500F23386 /* Tsytsyk_ContactList.app */,
				3FC5FF0528183BA600F23386 /* Tsytsyk_ContactListTests.xctest */,
				3FC5FF0F28183BA600F23386 /* Tsytsyk_ContactListUITests.xctest */,
			);
			name = Products;
			sourceTree = "<group>";
		};
		3FC5FEF128183BA500F23386 /* Tsytsyk_ContactList */ = {
			isa = PBXGroup;
			children = (
				3FC5FEF228183BA500F23386 /* AppDelegate.swift */,
				3FC5FEF428183BA500F23386 /* SceneDelegate.swift */,
				3FC5FEF828183BA500F23386 /* Main.storyboard */,
				3FC5FEFB28183BA600F23386 /* Assets.xcassets */,
				3FC5FEFD28183BA600F23386 /* LaunchScreen.storyboard */,
				3FC5FF0028183BA600F23386 /* Info.plist */,
				3FC5FF2228183C3E00F23386 /* ContactDetailViewController.swift */,
				3FC5FF2428183C5400F23386 /* CreateContactViewController.swift */,
				3FC5FF26281845A300F23386 /* ContactListViewController.swift */,
			);
			path = Tsytsyk_ContactList;
			sourceTree = "<group>";
		};
		3FC5FF0828183BA600F23386 /* Tsytsyk_ContactListTests */ = {
			isa = PBXGroup;
			children = (
				3FC5FF0928183BA600F23386 /* Tsytsyk_ContactListTests.swift */,
			);
			path = Tsytsyk_ContactListTests;
			sourceTree = "<group>";
		};
		3FC5FF1228183BA600F23386 /* Tsytsyk_ContactListUITests */ = {
			isa = PBXGroup;
			children = (
				3FC5FF1328183BA600F23386 /* Tsytsyk_ContactListUITests.swift */,
				3FC5FF1528183BA600F23386 /* Tsytsyk_ContactListUITestsLaunchTests.swift */,
			);
			path = Tsytsyk_ContactListUITests;
			sourceTree = "<group>";
		};
/* End PBXGroup section */

/* Begin PBXNativeTarget section */
		3FC5FEEE28183BA500F23386 /* Tsytsyk_ContactList */ = {
			isa = PBXNativeTarget;
			buildConfigurationList = 3FC5FF1928183BA600F23386 /* Build configuration list for PBXNativeTarget "Tsytsyk_ContactList" */;
			buildPhases = (
				3FC5FEEB28183BA500F23386 /* Sources */,
				3FC5FEEC28183BA500F23386 /* Frameworks */,
				3FC5FEED28183BA500F23386 /* Resources */,
			);
			buildRules = (
			);
			dependencies = (
			);
			name = Tsytsyk_ContactList;
			productName = Tsytsyk_ContactList;
			productReference = 3FC5FEEF28183BA500F23386 /* Tsytsyk_ContactList.app */;
			productType = "com.apple.product-type.application";
		};
		3FC5FF0428183BA600F23386 /* Tsytsyk_ContactListTests */ = {
			isa = PBXNativeTarget;
			buildConfigurationList = 3FC5FF1C28183BA600F23386 /* Build configuration list for PBXNativeTarget "Tsytsyk_ContactListTests" */;
			buildPhases = (
				3FC5FF0128183BA600F23386 /* Sources */,
				3FC5FF0228183BA600F23386 /* Frameworks */,
				3FC5FF0328183BA600F23386 /* Resources */,
			);
			buildRules = (
			);
			dependencies = (
				3FC5FF0728183BA600F23386 /* PBXTargetDependency */,
			);
			name = Tsytsyk_ContactListTests;
			productName = Tsytsyk_ContactListTests;
			productReference = 3FC5FF0528183BA600F23386 /* Tsytsyk_ContactListTests.xctest */;
			productType = "com.apple.product-type.bundle.unit-test";
		};
		3FC5FF0E28183BA600F23386 /* Tsytsyk_ContactListUITests */ = {
			isa = PBXNativeTarget;
			buildConfigurationList = 3FC5FF1F28183BA600F23386 /* Build configuration list for PBXNativeTarget "Tsytsyk_ContactListUITests" */;
			buildPhases = (
				3FC5FF0B28183BA600F23386 /* Sources */,
				3FC5FF0C28183BA600F23386 /* Frameworks */,
				3FC5FF0D28183BA600F23386 /* Resources */,
			);
			buildRules = (
			);
			dependencies = (
				3FC5FF1128183BA600F23386 /* PBXTargetDependency */,
			);
			name = Tsytsyk_ContactListUITests;
			productName = Tsytsyk_ContactListUITests;
			productReference = 3FC5FF0F28183BA600F23386 /* Tsytsyk_ContactListUITests.xctest */;
			productType = "com.apple.product-type.bundle.ui-testing";
		};
/* End PBXNativeTarget section */

/* Begin PBXProject section */
		3FC5FEE728183BA500F23386 /* Project object */ = {
			isa = PBXProject;
			attributes = {
				BuildIndependentTargetsInParallel = 1;
				LastSwiftUpdateCheck = 1300;
				LastUpgradeCheck = 1300;
				TargetAttributes = {
					3FC5FEEE28183BA500F23386 = {
						CreatedOnToolsVersion = 13.0;
					};
					3FC5FF0428183BA600F23386 = {
						CreatedOnToolsVersion = 13.0;
						TestTargetID = 3FC5FEEE28183BA500F23386;
					};
					3FC5FF0E28183BA600F23386 = {
						CreatedOnToolsVersion = 13.0;
						TestTargetID = 3FC5FEEE28183BA500F23386;
					};
				};
			};
			buildConfigurationList = 3FC5FEEA28183BA500F23386 /* Build configuration list for PBXProject "Tsytsyk_ContactList" */;
			compatibilityVersion = "Xcode 13.0";
			developmentRegion = en;
			hasScannedForEncodings = 0;
			knownRegions = (
				en,
				Base,
			);
			mainGroup = 3FC5FEE628183BA500F23386;
			productRefGroup = 3FC5FEF028183BA500F23386 /* Products */;
			projectDirPath = "";
			projectRoot = "";
			targets = (
				3FC5FEEE28183BA500F23386 /* Tsytsyk_ContactList */,
				3FC5FF0428183BA600F23386 /* Tsytsyk_ContactListTests */,
				3FC5FF0E28183BA600F23386 /* Tsytsyk_ContactListUITests */,
			);
		};
/* End PBXProject section */

/* Begin PBXResourcesBuildPhase section */
		3FC5FEED28183BA500F23386 /* Resources */ = {
			isa = PBXResourcesBuildPhase;
			buildActionMask = 2147483647;
			files = (
				3FC5FEFF28183BA600F23386 /* LaunchScreen.storyboard in Resources */,
				3FC5FEFC28183BA600F23386 /* Assets.xcassets in Resources */,
				3FC5FEFA28183BA500F23386 /* Main.storyboard in Resources */,
			);
			runOnlyForDeploymentPostprocessing = 0;
		};
		3FC5FF0328183BA600F23386 /* Resources */ = {
			isa = PBXResourcesBuildPhase;
			buildActionMask = 2147483647;
			files = (
			);
			runOnlyForDeploymentPostprocessing = 0;
		};
		3FC5FF0D28183BA600F23386 /* Resources */ = {
			isa = PBXResourcesBuildPhase;
			buildActionMask = 2147483647;
			files = (
			);
			runOnlyForDeploymentPostprocessing = 0;
		};
/* End PBXResourcesBuildPhase section */

/* Begin PBXSourcesBuildPhase section */
		3FC5FEEB28183BA500F23386 /* Sources */ = {
			isa = PBXSourcesBuildPhase;
			buildActionMask = 2147483647;
			files = (
				3FC5FEF328183BA500F23386 /* AppDelegate.swift in Sources */,
				3FC5FF27281845A300F23386 /* ContactListViewController.swift in Sources */,
				3FC5FF2528183C5400F23386 /* CreateContactViewController.swift in Sources */,
				3FC5FF2328183C3E00F23386 /* ContactDetailViewController.swift in Sources */,
				3FC5FEF528183BA500F23386 /* SceneDelegate.swift in Sources */,
			);
			runOnlyForDeploymentPostprocessing = 0;
		};
		3FC5FF0128183BA600F23386 /* Sources */ = {
			isa = PBXSourcesBuildPhase;
			buildActionMask = 2147483647;
			files = (
				3FC5FF0A28183BA600F23386 /* Tsytsyk_ContactListTests.swift in Sources */,
			);
			runOnlyForDeploymentPostprocessing = 0;
		};
		3FC5FF0B28183BA600F23386 /* Sources */ = {
			isa = PBXSourcesBuildPhase;
			buildActionMask = 2147483647;
			files = (
				3FC5FF1428183BA600F23386 /* Tsytsyk_ContactListUITests.swift in Sources */,
				3FC5FF1628183BA600F23386 /* Tsytsyk_ContactListUITestsLaunchTests.swift in Sources */,
			);
			runOnlyForDeploymentPostprocessing = 0;
		};
/* End PBXSourcesBuildPhase section */

/* Begin PBXTargetDependency section */
		3FC5FF0728183BA600F23386 /* PBXTargetDependency */ = {
			isa = PBXTargetDependency;
			target = 3FC5FEEE28183BA500F23386 /* Tsytsyk_ContactList */;
			targetProxy = 3FC5FF0628183BA600F23386 /* PBXContainerItemProxy */;
		};
		3FC5FF1128183BA600F23386 /* PBXTargetDependency */ = {
			isa = PBXTargetDependency;
			target = 3FC5FEEE28183BA500F23386 /* Tsytsyk_ContactList */;
			targetProxy = 3FC5FF1028183BA600F23386 /* PBXContainerItemProxy */;
		};
/* End PBXTargetDependency section */

/* Begin PBXVariantGroup section */
		3FC5FEF828183BA500F23386 /* Main.storyboard */ = {
			isa = PBXVariantGroup;
			children = (
				3FC5FEF928183BA500F23386 /* Base */,
			);
			name = Main.storyboard;
			sourceTree = "<group>";
		};
		3FC5FEFD28183BA600F23386 /* LaunchScreen.storyboard */ = {
			isa = PBXVariantGroup;
			children = (
				3FC5FEFE28183BA600F23386 /* Base */,
			);
			name = LaunchScreen.storyboard;
			sourceTree = "<group>";
		};
/* End PBXVariantGroup section */

/* Begin XCBuildConfiguration section */
		3FC5FF1728183BA600F23386 /* Debug */ = {
			isa = XCBuildConfiguration;
			buildSettings = {
				ALWAYS_SEARCH_USER_PATHS = NO;
				CLANG_ANALYZER_NONNULL = YES;
				CLANG_ANALYZER_NUMBER_OBJECT_CONVERSION = YES_AGGRESSIVE;
				CLANG_CXX_LANGUAGE_STANDARD = "gnu++17";
				CLANG_CXX_LIBRARY = "libc++";
				CLANG_ENABLE_MODULES = YES;
				CLANG_ENABLE_OBJC_ARC = YES;
				CLANG_ENABLE_OBJC_WEAK = YES;
				CLANG_WARN_BLOCK_CAPTURE_AUTORELEASING = YES;
				CLANG_WARN_BOOL_CONVERSION = YES;
				CLANG_WARN_COMMA = YES;
				CLANG_WARN_CONSTANT_CONVERSION = YES;
				CLANG_WARN_DEPRECATED_OBJC_IMPLEMENTATIONS = YES;
				CLANG_WARN_DIRECT_OBJC_ISA_USAGE = YES_ERROR;
				CLANG_WARN_DOCUMENTATION_COMMENTS = YES;
				CLANG_WARN_EMPTY_BODY = YES;
				CLANG_WARN_ENUM_CONVERSION = YES;
				CLANG_WARN_INFINITE_RECURSION = YES;
				CLANG_WARN_INT_CONVERSION = YES;
				CLANG_WARN_NON_LITERAL_NULL_CONVERSION = YES;
				CLANG_WARN_OBJC_IMPLICIT_RETAIN_SELF = YES;
				CLANG_WARN_OBJC_LITERAL_CONVERSION = YES;
				CLANG_WARN_OBJC_ROOT_CLASS = YES_ERROR;
				CLANG_WARN_QUOTED_INCLUDE_IN_FRAMEWORK_HEADER = YES;
				CLANG_WARN_RANGE_LOOP_ANALYSIS = YES;
				CLANG_WARN_STRICT_PROTOTYPES = YES;
				CLANG_WARN_SUSPICIOUS_MOVE = YES;
				CLANG_WARN_UNGUARDED_AVAILABILITY = YES_AGGRESSIVE;
				CLANG_WARN_UNREACHABLE_CODE = YES;
				CLANG_WARN__DUPLICATE_METHOD_MATCH = YES;
				COPY_PHASE_STRIP = NO;
				DEBUG_INFORMATION_FORMAT = dwarf;
				ENABLE_STRICT_OBJC_MSGSEND = YES;
				ENABLE_TESTABILITY = YES;
				GCC_C_LANGUAGE_STANDARD = gnu11;
				GCC_DYNAMIC_NO_PIC = NO;
				GCC_NO_COMMON_BLOCKS = YES;
				GCC_OPTIMIZATION_LEVEL = 0;
				GCC_PREPROCESSOR_DEFINITIONS = (
					"DEBUG=1",
					"$(inherited)",
				);
				GCC_WARN_64_TO_32_BIT_CONVERSION = YES;
				GCC_WARN_ABOUT_RETURN_TYPE = YES_ERROR;
				GCC_WARN_UNDECLARED_SELECTOR = YES;
				GCC_WARN_UNINITIALIZED_AUTOS = YES_AGGRESSIVE;
				GCC_WARN_UNUSED_FUNCTION = YES;
				GCC_WARN_UNUSED_VARIABLE = YES;
				IPHONEOS_DEPLOYMENT_TARGET = 15.0;
				MTL_ENABLE_DEBUG_INFO = INCLUDE_SOURCE;
				MTL_FAST_MATH = YES;
				ONLY_ACTIVE_ARCH = YES;
				SDKROOT = iphoneos;
				SWIFT_ACTIVE_COMPILATION_CONDITIONS = DEBUG;
				SWIFT_OPTIMIZATION_LEVEL = "-Onone";
			};
			name = Debug;
		};
		3FC5FF1828183BA600F23386 /* Release */ = {
			isa = XCBuildConfiguration;
			buildSettings = {
				ALWAYS_SEARCH_USER_PATHS = NO;
				CLANG_ANALYZER_NONNULL = YES;
				CLANG_ANALYZER_NUMBER_OBJECT_CONVERSION = YES_AGGRESSIVE;
				CLANG_CXX_LANGUAGE_STANDARD = "gnu++17";
				CLANG_CXX_LIBRARY = "libc++";
				CLANG_ENABLE_MODULES = YES;
				CLANG_ENABLE_OBJC_ARC = YES;
				CLANG_ENABLE_OBJC_WEAK = YES;
				CLANG_WARN_BLOCK_CAPTURE_AUTORELEASING = YES;
				CLANG_WARN_BOOL_CONVERSION = YES;
				CLANG_WARN_COMMA = YES;
				CLANG_WARN_CONSTANT_CONVERSION = YES;
				CLANG_WARN_DEPRECATED_OBJC_IMPLEMENTATIONS = YES;
				CLANG_WARN_DIRECT_OBJC_ISA_USAGE = YES_ERROR;
				CLANG_WARN_DOCUMENTATION_COMMENTS = YES;
				CLANG_WARN_EMPTY_BODY = YES;
				CLANG_WARN_ENUM_CONVERSION = YES;
				CLANG_WARN_INFINITE_RECURSION = YES;
				CLANG_WARN_INT_CONVERSION = YES;
				CLANG_WARN_NON_LITERAL_NULL_CONVERSION = YES;
				CLANG_WARN_OBJC_IMPLICIT_RETAIN_SELF = YES;
				CLANG_WARN_OBJC_LITERAL_CONVERSION = YES;
				CLANG_WARN_OBJC_ROOT_CLASS = YES_ERROR;
				CLANG_WARN_QUOTED_INCLUDE_IN_FRAMEWORK_HEADER = YES;
				CLANG_WARN_RANGE_LOOP_ANALYSIS = YES;
				CLANG_WARN_STRICT_PROTOTYPES = YES;
				CLANG_WARN_SUSPICIOUS_MOVE = YES;
				CLANG_WARN_UNGUARDED_AVAILABILITY = YES_AGGRESSIVE;
				CLANG_WARN_UNREACHABLE_CODE = YES;
				CLANG_WARN__DUPLICATE_METHOD_MATCH = YES;
				COPY_PHASE_STRIP = NO;
				DEBUG_INFORMATION_FORMAT = "dwarf-with-dsym";
				ENABLE_NS_ASSERTIONS = NO;
				ENABLE_STRICT_OBJC_MSGSEND = YES;
				GCC_C_LANGUAGE_STANDARD = gnu11;
				GCC_NO_COMMON_BLOCKS = YES;
				GCC_WARN_64_TO_32_BIT_CONVERSION = YES;
				GCC_WARN_ABOUT_RETURN_TYPE = YES_ERROR;
				GCC_WARN_UNDECLARED_SELECTOR = YES;
				GCC_WARN_UNINITIALIZED_AUTOS = YES_AGGRESSIVE;
				GCC_WARN_UNUSED_FUNCTION = YES;
				GCC_WARN_UNUSED_VARIABLE = YES;
				IPHONEOS_DEPLOYMENT_TARGET = 15.0;
				MTL_ENABLE_DEBUG_INFO = NO;
				MTL_FAST_MATH = YES;
				SDKROOT = iphoneos;
				SWIFT_COMPILATION_MODE = wholemodule;
				SWIFT_OPTIMIZATION_LEVEL = "-O";
				VALIDATE_PRODUCT = YES;
			};
			name = Release;
		};
		3FC5FF1A28183BA600F23386 /* Debug */ = {
			isa = XCBuildConfiguration;
			buildSettings = {
				ASSETCATALOG_COMPILER_APPICON_NAME = AppIcon;
				ASSETCATALOG_COMPILER_GLOBAL_ACCENT_COLOR_NAME = AccentColor;
				CODE_SIGN_STYLE = Automatic;
				CURRENT_PROJECT_VERSION = 1;
				GENERATE_INFOPLIST_FILE = YES;
				INFOPLIST_FILE = Tsytsyk_ContactList/Info.plist;
				INFOPLIST_KEY_UIApplicationSupportsIndirectInputEvents = YES;
				INFOPLIST_KEY_UILaunchStoryboardName = LaunchScreen;
				INFOPLIST_KEY_UIMainStoryboardFile = Main;
				INFOPLIST_KEY_UISupportedInterfaceOrientations_iPad = "UIInterfaceOrientationPortrait UIInterfaceOrientationPortraitUpsideDown UIInterfaceOrientationLandscapeLeft UIInterfaceOrientationLandscapeRight";
				INFOPLIST_KEY_UISupportedInterfaceOrientations_iPhone = "UIInterfaceOrientationPortrait UIInterfaceOrientationLandscapeLeft UIInterfaceOrientationLandscapeRight";
				LD_RUNPATH_SEARCH_PATHS = (
					"$(inherited)",
					"@executable_path/Frameworks",
				);
				MARKETING_VERSION = 1.0;
				PRODUCT_BUNDLE_IDENTIFIER = "nwmsu.Tsytsyk-ContactList";
				PRODUCT_NAME = "$(TARGET_NAME)";
				SWIFT_EMIT_LOC_STRINGS = YES;
				SWIFT_VERSION = 5.0;
				TARGETED_DEVICE_FAMILY = "1,2";
			};
			name = Debug;
		};
		3FC5FF1B28183BA600F23386 /* Release */ = {
			isa = XCBuildConfiguration;
			buildSettings = {
				ASSETCATALOG_COMPILER_APPICON_NAME = AppIcon;
				ASSETCATALOG_COMPILER_GLOBAL_ACCENT_COLOR_NAME = AccentColor;
				CODE_SIGN_STYLE = Automatic;
				CURRENT_PROJECT_VERSION = 1;
				GENERATE_INFOPLIST_FILE = YES;
				INFOPLIST_FILE = Tsytsyk_ContactList/Info.plist;
				INFOPLIST_KEY_UIApplicationSupportsIndirectInputEvents = YES;
				INFOPLIST_KEY_UILaunchStoryboardName = LaunchScreen;
				INFOPLIST_KEY_UIMainStoryboardFile = Main;
				INFOPLIST_KEY_UISupportedInterfaceOrientations_iPad = "UIInterfaceOrientationPortrait UIInterfaceOrientationPortraitUpsideDown UIInterfaceOrientationLandscapeLeft UIInterfaceOrientationLandscapeRight";
				INFOPLIST_KEY_UISupportedInterfaceOrientations_iPhone = "UIInterfaceOrientationPortrait UIInterfaceOrientationLandscapeLeft UIInterfaceOrientationLandscapeRight";
				LD_RUNPATH_SEARCH_PATHS = (
					"$(inherited)",
					"@executable_path/Frameworks",
				);
				MARKETING_VERSION = 1.0;
				PRODUCT_BUNDLE_IDENTIFIER = "nwmsu.Tsytsyk-ContactList";
				PRODUCT_NAME = "$(TARGET_NAME)";
				SWIFT_EMIT_LOC_STRINGS = YES;
				SWIFT_VERSION = 5.0;
				TARGETED_DEVICE_FAMILY = "1,2";
			};
			name = Release;
		};
		3FC5FF1D28183BA600F23386 /* Debug */ = {
			isa = XCBuildConfiguration;
			buildSettings = {
				ALWAYS_EMBED_SWIFT_STANDARD_LIBRARIES = YES;
				BUNDLE_LOADER = "$(TEST_HOST)";
				CODE_SIGN_STYLE = Automatic;
				CURRENT_PROJECT_VERSION = 1;
				GENERATE_INFOPLIST_FILE = YES;
				IPHONEOS_DEPLOYMENT_TARGET = 15.0;
				LD_RUNPATH_SEARCH_PATHS = (
					"$(inherited)",
					"@executable_path/Frameworks",
					"@loader_path/Frameworks",
				);
				MARKETING_VERSION = 1.0;
				PRODUCT_BUNDLE_IDENTIFIER = "nwmsu.Tsytsyk-ContactListTests";
				PRODUCT_NAME = "$(TARGET_NAME)";
				SWIFT_EMIT_LOC_STRINGS = NO;
				SWIFT_VERSION = 5.0;
				TARGETED_DEVICE_FAMILY = "1,2";
				TEST_HOST = "$(BUILT_PRODUCTS_DIR)/Tsytsyk_ContactList.app/Tsytsyk_ContactList";
			};
			name = Debug;
		};
		3FC5FF1E28183BA600F23386 /* Release */ = {
			isa = XCBuildConfiguration;
			buildSettings = {
				ALWAYS_EMBED_SWIFT_STANDARD_LIBRARIES = YES;
				BUNDLE_LOADER = "$(TEST_HOST)";
				CODE_SIGN_STYLE = Automatic;
				CURRENT_PROJECT_VERSION = 1;
				GENERATE_INFOPLIST_FILE = YES;
				IPHONEOS_DEPLOYMENT_TARGET = 15.0;
				LD_RUNPATH_SEARCH_PATHS = (
					"$(inherited)",
					"@executable_path/Frameworks",
					"@loader_path/Frameworks",
				);
				MARKETING_VERSION = 1.0;
				PRODUCT_BUNDLE_IDENTIFIER = "nwmsu.Tsytsyk-ContactListTests";
				PRODUCT_NAME = "$(TARGET_NAME)";
				SWIFT_EMIT_LOC_STRINGS = NO;
				SWIFT_VERSION = 5.0;
				TARGETED_DEVICE_FAMILY = "1,2";
				TEST_HOST = "$(BUILT_PRODUCTS_DIR)/Tsytsyk_ContactList.app/Tsytsyk_ContactList";
			};
			name = Release;
		};
		3FC5FF2028183BA600F23386 /* Debug */ = {
			isa = XCBuildConfiguration;
			buildSettings = {
				ALWAYS_EMBED_SWIFT_STANDARD_LIBRARIES = YES;
				CODE_SIGN_STYLE = Automatic;
				CURRENT_PROJECT_VERSION = 1;
				GENERATE_INFOPLIST_FILE = YES;
				LD_RUNPATH_SEARCH_PATHS = (
					"$(inherited)",
					"@executable_path/Frameworks",
					"@loader_path/Frameworks",
				);
				MARKETING_VERSION = 1.0;
				PRODUCT_BUNDLE_IDENTIFIER = "nwmsu.Tsytsyk-ContactListUITests";
				PRODUCT_NAME = "$(TARGET_NAME)";
				SWIFT_EMIT_LOC_STRINGS = NO;
				SWIFT_VERSION = 5.0;
				TARGETED_DEVICE_FAMILY = "1,2";
				TEST_TARGET_NAME = Tsytsyk_ContactList;
			};
			name = Debug;
		};
		3FC5FF2128183BA600F23386 /* Release */ = {
			isa = XCBuildConfiguration;
			buildSettings = {
				ALWAYS_EMBED_SWIFT_STANDARD_LIBRARIES = YES;
				CODE_SIGN_STYLE = Automatic;
				CURRENT_PROJECT_VERSION = 1;
				GENERATE_INFOPLIST_FILE = YES;
				LD_RUNPATH_SEARCH_PATHS = (
					"$(inherited)",
					"@executable_path/Frameworks",
					"@loader_path/Frameworks",
				);
				MARKETING_VERSION = 1.0;
				PRODUCT_BUNDLE_IDENTIFIER = "nwmsu.Tsytsyk-ContactListUITests";
				PRODUCT_NAME = "$(TARGET_NAME)";
				SWIFT_EMIT_LOC_STRINGS = NO;
				SWIFT_VERSION = 5.0;
				TARGETED_DEVICE_FAMILY = "1,2";
				TEST_TARGET_NAME = Tsytsyk_ContactList;
			};
			name = Release;
		};
/* End XCBuildConfiguration section */

/* Begin XCConfigurationList section */
		3FC5FEEA28183BA500F23386 /* Build configuration list for PBXProject "Tsytsyk_ContactList" */ = {
			isa = XCConfigurationList;
			buildConfigurations = (
				3FC5FF1728183BA600F23386 /* Debug */,
				3FC5FF1828183BA600F23386 /* Release */,
			);
			defaultConfigurationIsVisible = 0;
			defaultConfigurationName = Release;
		};
		3FC5FF1928183BA600F23386 /* Build configuration list for PBXNativeTarget "Tsytsyk_ContactList" */ = {
			isa = XCConfigurationList;
			buildConfigurations = (
				3FC5FF1A28183BA600F23386 /* Debug */,
				3FC5FF1B28183BA600F23386 /* Release */,
			);
			defaultConfigurationIsVisible = 0;
			defaultConfigurationName = Release;
		};
		3FC5FF1C28183BA600F23386 /* Build configuration list for PBXNativeTarget "Tsytsyk_ContactListTests" */ = {
			isa = XCConfigurationList;
			buildConfigurations = (
				3FC5FF1D28183BA600F23386 /* Debug */,
				3FC5FF1E28183BA600F23386 /* Release */,
			);
			defaultConfigurationIsVisible = 0;
			defaultConfigurationName = Release;
		};
		3FC5FF1F28183BA600F23386 /* Build configuration list for PBXNativeTarget "Tsytsyk_ContactListUITests" */ = {
			isa = XCConfigurationList;
			buildConfigurations = (
				3FC5FF2028183BA600F23386 /* Debug */,
				3FC5FF2128183BA600F23386 /* Release */,
			);
			defaultConfigurationIsVisible = 0;
			defaultConfigurationName = Release;
		};
/* End XCConfigurationList section */
	};
	rootObject = 3FC5FEE728183BA500F23386 /* Project object */;
}
