// !$*UTF8*$!
{
	archiveVersion = 1;
	classes = {
	};
	objectVersion = 55;
	objects = {

/* Begin PBXBuildFile section */
		3F77CAC427AC5BEB00786314 /* AppDelegate.swift in Sources */ = {isa = PBXBuildFile; fileRef = 3F77CAC327AC5BEB00786314 /* AppDelegate.swift */; };
		3F77CAC627AC5BEB00786314 /* SceneDelegate.swift in Sources */ = {isa = PBXBuildFile; fileRef = 3F77CAC527AC5BEB00786314 /* SceneDelegate.swift */; };
		3F77CAC827AC5BEB00786314 /* ViewController.swift in Sources */ = {isa = PBXBuildFile; fileRef = 3F77CAC727AC5BEB00786314 /* ViewController.swift */; };
		3F77CACB27AC5BEB00786314 /* Main.storyboard in Resources */ = {isa = PBXBuildFile; fileRef = 3F77CAC927AC5BEB00786314 /* Main.storyboard */; };
		3F77CACD27AC5BEB00786314 /* Assets.xcassets in Resources */ = {isa = PBXBuildFile; fileRef = 3F77CACC27AC5BEB00786314 /* Assets.xcassets */; };
		3F77CAD027AC5BEB00786314 /* LaunchScreen.storyboard in Resources */ = {isa = PBXBuildFile; fileRef = 3F77CACE27AC5BEB00786314 /* LaunchScreen.storyboard */; };
		3F77CADB27AC5BEC00786314 /* Tsytsyk_FormatNameTests.swift in Sources */ = {isa = PBXBuildFile; fileRef = 3F77CADA27AC5BEC00786314 /* Tsytsyk_FormatNameTests.swift */; };
		3F77CAE527AC5BEC00786314 /* Tsytsyk_FormatNameUITests.swift in Sources */ = {isa = PBXBuildFile; fileRef = 3F77CAE427AC5BEC00786314 /* Tsytsyk_FormatNameUITests.swift */; };
		3F77CAE727AC5BEC00786314 /* Tsytsyk_FormatNameUITestsLaunchTests.swift in Sources */ = {isa = PBXBuildFile; fileRef = 3F77CAE627AC5BEC00786314 /* Tsytsyk_FormatNameUITestsLaunchTests.swift */; };
/* End PBXBuildFile section */

/* Begin PBXContainerItemProxy section */
		3F77CAD727AC5BEC00786314 /* PBXContainerItemProxy */ = {
			isa = PBXContainerItemProxy;
			containerPortal = 3F77CAB827AC5BEB00786314 /* Project object */;
			proxyType = 1;
			remoteGlobalIDString = 3F77CABF27AC5BEB00786314;
			remoteInfo = Tsytsyk_FormatName;
		};
		3F77CAE127AC5BEC00786314 /* PBXContainerItemProxy */ = {
			isa = PBXContainerItemProxy;
			containerPortal = 3F77CAB827AC5BEB00786314 /* Project object */;
			proxyType = 1;
			remoteGlobalIDString = 3F77CABF27AC5BEB00786314;
			remoteInfo = Tsytsyk_FormatName;
		};
/* End PBXContainerItemProxy section */

/* Begin PBXFileReference section */
		3F77CAC027AC5BEB00786314 /* Tsytsyk_FormatName.app */ = {isa = PBXFileReference; explicitFileType = wrapper.application; includeInIndex = 0; path = Tsytsyk_FormatName.app; sourceTree = BUILT_PRODUCTS_DIR; };
		3F77CAC327AC5BEB00786314 /* AppDelegate.swift */ = {isa = PBXFileReference; lastKnownFileType = sourcecode.swift; path = AppDelegate.swift; sourceTree = "<group>"; };
		3F77CAC527AC5BEB00786314 /* SceneDelegate.swift */ = {isa = PBXFileReference; lastKnownFileType = sourcecode.swift; path = SceneDelegate.swift; sourceTree = "<group>"; };
		3F77CAC727AC5BEB00786314 /* ViewController.swift */ = {isa = PBXFileReference; lastKnownFileType = sourcecode.swift; path = ViewController.swift; sourceTree = "<group>"; };
		3F77CACA27AC5BEB00786314 /* Base */ = {isa = PBXFileReference; lastKnownFileType = file.storyboard; name = Base; path = Base.lproj/Main.storyboard; sourceTree = "<group>"; };
		3F77CACC27AC5BEB00786314 /* Assets.xcassets */ = {isa = PBXFileReference; lastKnownFileType = folder.assetcatalog; path = Assets.xcassets; sourceTree = "<group>"; };
		3F77CACF27AC5BEB00786314 /* Base */ = {isa = PBXFileReference; lastKnownFileType = file.storyboard; name = Base; path = Base.lproj/LaunchScreen.storyboard; sourceTree = "<group>"; };
		3F77CAD127AC5BEB00786314 /* Info.plist */ = {isa = PBXFileReference; lastKnownFileType = text.plist.xml; path = Info.plist; sourceTree = "<group>"; };
		3F77CAD627AC5BEC00786314 /* Tsytsyk_FormatNameTests.xctest */ = {isa = PBXFileReference; explicitFileType = wrapper.cfbundle; includeInIndex = 0; path = Tsytsyk_FormatNameTests.xctest; sourceTree = BUILT_PRODUCTS_DIR; };
		3F77CADA27AC5BEC00786314 /* Tsytsyk_FormatNameTests.swift */ = {isa = PBXFileReference; lastKnownFileType = sourcecode.swift; path = Tsytsyk_FormatNameTests.swift; sourceTree = "<group>"; };
		3F77CAE027AC5BEC00786314 /* Tsytsyk_FormatNameUITests.xctest */ = {isa = PBXFileReference; explicitFileType = wrapper.cfbundle; includeInIndex = 0; path = Tsytsyk_FormatNameUITests.xctest; sourceTree = BUILT_PRODUCTS_DIR; };
		3F77CAE427AC5BEC00786314 /* Tsytsyk_FormatNameUITests.swift */ = {isa = PBXFileReference; lastKnownFileType = sourcecode.swift; path = Tsytsyk_FormatNameUITests.swift; sourceTree = "<group>"; };
		3F77CAE627AC5BEC00786314 /* Tsytsyk_FormatNameUITestsLaunchTests.swift */ = {isa = PBXFileReference; lastKnownFileType = sourcecode.swift; path = Tsytsyk_FormatNameUITestsLaunchTests.swift; sourceTree = "<group>"; };
/* End PBXFileReference section */

/* Begin PBXFrameworksBuildPhase section */
		3F77CABD27AC5BEB00786314 /* Frameworks */ = {
			isa = PBXFrameworksBuildPhase;
			buildActionMask = 2147483647;
			files = (
			);
			runOnlyForDeploymentPostprocessing = 0;
		};
		3F77CAD327AC5BEC00786314 /* Frameworks */ = {
			isa = PBXFrameworksBuildPhase;
			buildActionMask = 2147483647;
			files = (
			);
			runOnlyForDeploymentPostprocessing = 0;
		};
		3F77CADD27AC5BEC00786314 /* Frameworks */ = {
			isa = PBXFrameworksBuildPhase;
			buildActionMask = 2147483647;
			files = (
			);
			runOnlyForDeploymentPostprocessing = 0;
		};
/* End PBXFrameworksBuildPhase section */

/* Begin PBXGroup section */
		3F77CAB727AC5BEB00786314 = {
			isa = PBXGroup;
			children = (
				3F77CAC227AC5BEB00786314 /* Tsytsyk_FormatName */,
				3F77CAD927AC5BEC00786314 /* Tsytsyk_FormatNameTests */,
				3F77CAE327AC5BEC00786314 /* Tsytsyk_FormatNameUITests */,
				3F77CAC127AC5BEB00786314 /* Products */,
			);
			sourceTree = "<group>";
		};
		3F77CAC127AC5BEB00786314 /* Products */ = {
			isa = PBXGroup;
			children = (
				3F77CAC027AC5BEB00786314 /* Tsytsyk_FormatName.app */,
				3F77CAD627AC5BEC00786314 /* Tsytsyk_FormatNameTests.xctest */,
				3F77CAE027AC5BEC00786314 /* Tsytsyk_FormatNameUITests.xctest */,
			);
			name = Products;
			sourceTree = "<group>";
		};
		3F77CAC227AC5BEB00786314 /* Tsytsyk_FormatName */ = {
			isa = PBXGroup;
			children = (
				3F77CAC327AC5BEB00786314 /* AppDelegate.swift */,
				3F77CAC527AC5BEB00786314 /* SceneDelegate.swift */,
				3F77CAC727AC5BEB00786314 /* ViewController.swift */,
				3F77CAC927AC5BEB00786314 /* Main.storyboard */,
				3F77CACC27AC5BEB00786314 /* Assets.xcassets */,
				3F77CACE27AC5BEB00786314 /* LaunchScreen.storyboard */,
				3F77CAD127AC5BEB00786314 /* Info.plist */,
			);
			path = Tsytsyk_FormatName;
			sourceTree = "<group>";
		};
		3F77CAD927AC5BEC00786314 /* Tsytsyk_FormatNameTests */ = {
			isa = PBXGroup;
			children = (
				3F77CADA27AC5BEC00786314 /* Tsytsyk_FormatNameTests.swift */,
			);
			path = Tsytsyk_FormatNameTests;
			sourceTree = "<group>";
		};
		3F77CAE327AC5BEC00786314 /* Tsytsyk_FormatNameUITests */ = {
			isa = PBXGroup;
			children = (
				3F77CAE427AC5BEC00786314 /* Tsytsyk_FormatNameUITests.swift */,
				3F77CAE627AC5BEC00786314 /* Tsytsyk_FormatNameUITestsLaunchTests.swift */,
			);
			path = Tsytsyk_FormatNameUITests;
			sourceTree = "<group>";
		};
/* End PBXGroup section */

/* Begin PBXNativeTarget section */
		3F77CABF27AC5BEB00786314 /* Tsytsyk_FormatName */ = {
			isa = PBXNativeTarget;
			buildConfigurationList = 3F77CAEA27AC5BEC00786314 /* Build configuration list for PBXNativeTarget "Tsytsyk_FormatName" */;
			buildPhases = (
				3F77CABC27AC5BEB00786314 /* Sources */,
				3F77CABD27AC5BEB00786314 /* Frameworks */,
				3F77CABE27AC5BEB00786314 /* Resources */,
			);
			buildRules = (
			);
			dependencies = (
			);
			name = Tsytsyk_FormatName;
			productName = Tsytsyk_FormatName;
			productReference = 3F77CAC027AC5BEB00786314 /* Tsytsyk_FormatName.app */;
			productType = "com.apple.product-type.application";
		};
		3F77CAD527AC5BEC00786314 /* Tsytsyk_FormatNameTests */ = {
			isa = PBXNativeTarget;
			buildConfigurationList = 3F77CAED27AC5BEC00786314 /* Build configuration list for PBXNativeTarget "Tsytsyk_FormatNameTests" */;
			buildPhases = (
				3F77CAD227AC5BEC00786314 /* Sources */,
				3F77CAD327AC5BEC00786314 /* Frameworks */,
				3F77CAD427AC5BEC00786314 /* Resources */,
			);
			buildRules = (
			);
			dependencies = (
				3F77CAD827AC5BEC00786314 /* PBXTargetDependency */,
			);
			name = Tsytsyk_FormatNameTests;
			productName = Tsytsyk_FormatNameTests;
			productReference = 3F77CAD627AC5BEC00786314 /* Tsytsyk_FormatNameTests.xctest */;
			productType = "com.apple.product-type.bundle.unit-test";
		};
		3F77CADF27AC5BEC00786314 /* Tsytsyk_FormatNameUITests */ = {
			isa = PBXNativeTarget;
			buildConfigurationList = 3F77CAF027AC5BEC00786314 /* Build configuration list for PBXNativeTarget "Tsytsyk_FormatNameUITests" */;
			buildPhases = (
				3F77CADC27AC5BEC00786314 /* Sources */,
				3F77CADD27AC5BEC00786314 /* Frameworks */,
				3F77CADE27AC5BEC00786314 /* Resources */,
			);
			buildRules = (
			);
			dependencies = (
				3F77CAE227AC5BEC00786314 /* PBXTargetDependency */,
			);
			name = Tsytsyk_FormatNameUITests;
			productName = Tsytsyk_FormatNameUITests;
			productReference = 3F77CAE027AC5BEC00786314 /* Tsytsyk_FormatNameUITests.xctest */;
			productType = "com.apple.product-type.bundle.ui-testing";
		};
/* End PBXNativeTarget section */

/* Begin PBXProject section */
		3F77CAB827AC5BEB00786314 /* Project object */ = {
			isa = PBXProject;
			attributes = {
				BuildIndependentTargetsInParallel = 1;
				LastSwiftUpdateCheck = 1300;
				LastUpgradeCheck = 1300;
				TargetAttributes = {
					3F77CABF27AC5BEB00786314 = {
						CreatedOnToolsVersion = 13.0;
					};
					3F77CAD527AC5BEC00786314 = {
						CreatedOnToolsVersion = 13.0;
						TestTargetID = 3F77CABF27AC5BEB00786314;
					};
					3F77CADF27AC5BEC00786314 = {
						CreatedOnToolsVersion = 13.0;
						TestTargetID = 3F77CABF27AC5BEB00786314;
					};
				};
			};
			buildConfigurationList = 3F77CABB27AC5BEB00786314 /* Build configuration list for PBXProject "Tsytsyk_FormatName" */;
			compatibilityVersion = "Xcode 13.0";
			developmentRegion = en;
			hasScannedForEncodings = 0;
			knownRegions = (
				en,
				Base,
			);
			mainGroup = 3F77CAB727AC5BEB00786314;
			productRefGroup = 3F77CAC127AC5BEB00786314 /* Products */;
			projectDirPath = "";
			projectRoot = "";
			targets = (
				3F77CABF27AC5BEB00786314 /* Tsytsyk_FormatName */,
				3F77CAD527AC5BEC00786314 /* Tsytsyk_FormatNameTests */,
				3F77CADF27AC5BEC00786314 /* Tsytsyk_FormatNameUITests */,
			);
		};
/* End PBXProject section */

/* Begin PBXResourcesBuildPhase section */
		3F77CABE27AC5BEB00786314 /* Resources */ = {
			isa = PBXResourcesBuildPhase;
			buildActionMask = 2147483647;
			files = (
				3F77CAD027AC5BEB00786314 /* LaunchScreen.storyboard in Resources */,
				3F77CACD27AC5BEB00786314 /* Assets.xcassets in Resources */,
				3F77CACB27AC5BEB00786314 /* Main.storyboard in Resources */,
			);
			runOnlyForDeploymentPostprocessing = 0;
		};
		3F77CAD427AC5BEC00786314 /* Resources */ = {
			isa = PBXResourcesBuildPhase;
			buildActionMask = 2147483647;
			files = (
			);
			runOnlyForDeploymentPostprocessing = 0;
		};
		3F77CADE27AC5BEC00786314 /* Resources */ = {
			isa = PBXResourcesBuildPhase;
			buildActionMask = 2147483647;
			files = (
			);
			runOnlyForDeploymentPostprocessing = 0;
		};
/* End PBXResourcesBuildPhase section */

/* Begin PBXSourcesBuildPhase section */
		3F77CABC27AC5BEB00786314 /* Sources */ = {
			isa = PBXSourcesBuildPhase;
			buildActionMask = 2147483647;
			files = (
				3F77CAC827AC5BEB00786314 /* ViewController.swift in Sources */,
				3F77CAC427AC5BEB00786314 /* AppDelegate.swift in Sources */,
				3F77CAC627AC5BEB00786314 /* SceneDelegate.swift in Sources */,
			);
			runOnlyForDeploymentPostprocessing = 0;
		};
		3F77CAD227AC5BEC00786314 /* Sources */ = {
			isa = PBXSourcesBuildPhase;
			buildActionMask = 2147483647;
			files = (
				3F77CADB27AC5BEC00786314 /* Tsytsyk_FormatNameTests.swift in Sources */,
			);
			runOnlyForDeploymentPostprocessing = 0;
		};
		3F77CADC27AC5BEC00786314 /* Sources */ = {
			isa = PBXSourcesBuildPhase;
			buildActionMask = 2147483647;
			files = (
				3F77CAE727AC5BEC00786314 /* Tsytsyk_FormatNameUITestsLaunchTests.swift in Sources */,
				3F77CAE527AC5BEC00786314 /* Tsytsyk_FormatNameUITests.swift in Sources */,
			);
			runOnlyForDeploymentPostprocessing = 0;
		};
/* End PBXSourcesBuildPhase section */

/* Begin PBXTargetDependency section */
		3F77CAD827AC5BEC00786314 /* PBXTargetDependency */ = {
			isa = PBXTargetDependency;
			target = 3F77CABF27AC5BEB00786314 /* Tsytsyk_FormatName */;
			targetProxy = 3F77CAD727AC5BEC00786314 /* PBXContainerItemProxy */;
		};
		3F77CAE227AC5BEC00786314 /* PBXTargetDependency */ = {
			isa = PBXTargetDependency;
			target = 3F77CABF27AC5BEB00786314 /* Tsytsyk_FormatName */;
			targetProxy = 3F77CAE127AC5BEC00786314 /* PBXContainerItemProxy */;
		};
/* End PBXTargetDependency section */

/* Begin PBXVariantGroup section */
		3F77CAC927AC5BEB00786314 /* Main.storyboard */ = {
			isa = PBXVariantGroup;
			children = (
				3F77CACA27AC5BEB00786314 /* Base */,
			);
			name = Main.storyboard;
			sourceTree = "<group>";
		};
		3F77CACE27AC5BEB00786314 /* LaunchScreen.storyboard */ = {
			isa = PBXVariantGroup;
			children = (
				3F77CACF27AC5BEB00786314 /* Base */,
			);
			name = LaunchScreen.storyboard;
			sourceTree = "<group>";
		};
/* End PBXVariantGroup section */

/* Begin XCBuildConfiguration section */
		3F77CAE827AC5BEC00786314 /* Debug */ = {
			isa = XCBuildConfiguration;
			buildSettings = {
				ALWAYS_SEARCH_USER_PATHS = NO;
				CLANG_ANALYZER_NONNULL = YES;
				CLANG_ANALYZER_NUMBER_OBJECT_CONVERSION = YES_AGGRESSIVE;
				CLANG_CXX_LANGUAGE_STANDARD = "gnu++17";
				CLANG_CXX_LIBRARY = "libc++";
				CLANG_ENABLE_MODULES = YES;
				CLANG_ENABLE_OBJC_ARC = YES;
				CLANG_ENABLE_OBJC_WEAK = YES;
				CLANG_WARN_BLOCK_CAPTURE_AUTORELEASING = YES;
				CLANG_WARN_BOOL_CONVERSION = YES;
				CLANG_WARN_COMMA = YES;
				CLANG_WARN_CONSTANT_CONVERSION = YES;
				CLANG_WARN_DEPRECATED_OBJC_IMPLEMENTATIONS = YES;
				CLANG_WARN_DIRECT_OBJC_ISA_USAGE = YES_ERROR;
				CLANG_WARN_DOCUMENTATION_COMMENTS = YES;
				CLANG_WARN_EMPTY_BODY = YES;
				CLANG_WARN_ENUM_CONVERSION = YES;
				CLANG_WARN_INFINITE_RECURSION = YES;
				CLANG_WARN_INT_CONVERSION = YES;
				CLANG_WARN_NON_LITERAL_NULL_CONVERSION = YES;
				CLANG_WARN_OBJC_IMPLICIT_RETAIN_SELF = YES;
				CLANG_WARN_OBJC_LITERAL_CONVERSION = YES;
				CLANG_WARN_OBJC_ROOT_CLASS = YES_ERROR;
				CLANG_WARN_QUOTED_INCLUDE_IN_FRAMEWORK_HEADER = YES;
				CLANG_WARN_RANGE_LOOP_ANALYSIS = YES;
				CLANG_WARN_STRICT_PROTOTYPES = YES;
				CLANG_WARN_SUSPICIOUS_MOVE = YES;
				CLANG_WARN_UNGUARDED_AVAILABILITY = YES_AGGRESSIVE;
				CLANG_WARN_UNREACHABLE_CODE = YES;
				CLANG_WARN__DUPLICATE_METHOD_MATCH = YES;
				COPY_PHASE_STRIP = NO;
				DEBUG_INFORMATION_FORMAT = dwarf;
				ENABLE_STRICT_OBJC_MSGSEND = YES;
				ENABLE_TESTABILITY = YES;
				GCC_C_LANGUAGE_STANDARD = gnu11;
				GCC_DYNAMIC_NO_PIC = NO;
				GCC_NO_COMMON_BLOCKS = YES;
				GCC_OPTIMIZATION_LEVEL = 0;
				GCC_PREPROCESSOR_DEFINITIONS = (
					"DEBUG=1",
					"$(inherited)",
				);
				GCC_WARN_64_TO_32_BIT_CONVERSION = YES;
				GCC_WARN_ABOUT_RETURN_TYPE = YES_ERROR;
				GCC_WARN_UNDECLARED_SELECTOR = YES;
				GCC_WARN_UNINITIALIZED_AUTOS = YES_AGGRESSIVE;
				GCC_WARN_UNUSED_FUNCTION = YES;
				GCC_WARN_UNUSED_VARIABLE = YES;
				IPHONEOS_DEPLOYMENT_TARGET = 15.0;
				MTL_ENABLE_DEBUG_INFO = INCLUDE_SOURCE;
				MTL_FAST_MATH = YES;
				ONLY_ACTIVE_ARCH = YES;
				SDKROOT = iphoneos;
				SWIFT_ACTIVE_COMPILATION_CONDITIONS = DEBUG;
				SWIFT_OPTIMIZATION_LEVEL = "-Onone";
			};
			name = Debug;
		};
		3F77CAE927AC5BEC00786314 /* Release */ = {
			isa = XCBuildConfiguration;
			buildSettings = {
				ALWAYS_SEARCH_USER_PATHS = NO;
				CLANG_ANALYZER_NONNULL = YES;
				CLANG_ANALYZER_NUMBER_OBJECT_CONVERSION = YES_AGGRESSIVE;
				CLANG_CXX_LANGUAGE_STANDARD = "gnu++17";
				CLANG_CXX_LIBRARY = "libc++";
				CLANG_ENABLE_MODULES = YES;
				CLANG_ENABLE_OBJC_ARC = YES;
				CLANG_ENABLE_OBJC_WEAK = YES;
				CLANG_WARN_BLOCK_CAPTURE_AUTORELEASING = YES;
				CLANG_WARN_BOOL_CONVERSION = YES;
				CLANG_WARN_COMMA = YES;
				CLANG_WARN_CONSTANT_CONVERSION = YES;
				CLANG_WARN_DEPRECATED_OBJC_IMPLEMENTATIONS = YES;
				CLANG_WARN_DIRECT_OBJC_ISA_USAGE = YES_ERROR;
				CLANG_WARN_DOCUMENTATION_COMMENTS = YES;
				CLANG_WARN_EMPTY_BODY = YES;
				CLANG_WARN_ENUM_CONVERSION = YES;
				CLANG_WARN_INFINITE_RECURSION = YES;
				CLANG_WARN_INT_CONVERSION = YES;
				CLANG_WARN_NON_LITERAL_NULL_CONVERSION = YES;
				CLANG_WARN_OBJC_IMPLICIT_RETAIN_SELF = YES;
				CLANG_WARN_OBJC_LITERAL_CONVERSION = YES;
				CLANG_WARN_OBJC_ROOT_CLASS = YES_ERROR;
				CLANG_WARN_QUOTED_INCLUDE_IN_FRAMEWORK_HEADER = YES;
				CLANG_WARN_RANGE_LOOP_ANALYSIS = YES;
				CLANG_WARN_STRICT_PROTOTYPES = YES;
				CLANG_WARN_SUSPICIOUS_MOVE = YES;
				CLANG_WARN_UNGUARDED_AVAILABILITY = YES_AGGRESSIVE;
				CLANG_WARN_UNREACHABLE_CODE = YES;
				CLANG_WARN__DUPLICATE_METHOD_MATCH = YES;
				COPY_PHASE_STRIP = NO;
				DEBUG_INFORMATION_FORMAT = "dwarf-with-dsym";
				ENABLE_NS_ASSERTIONS = NO;
				ENABLE_STRICT_OBJC_MSGSEND = YES;
				GCC_C_LANGUAGE_STANDARD = gnu11;
				GCC_NO_COMMON_BLOCKS = YES;
				GCC_WARN_64_TO_32_BIT_CONVERSION = YES;
				GCC_WARN_ABOUT_RETURN_TYPE = YES_ERROR;
				GCC_WARN_UNDECLARED_SELECTOR = YES;
				GCC_WARN_UNINITIALIZED_AUTOS = YES_AGGRESSIVE;
				GCC_WARN_UNUSED_FUNCTION = YES;
				GCC_WARN_UNUSED_VARIABLE = YES;
				IPHONEOS_DEPLOYMENT_TARGET = 15.0;
				MTL_ENABLE_DEBUG_INFO = NO;
				MTL_FAST_MATH = YES;
				SDKROOT = iphoneos;
				SWIFT_COMPILATION_MODE = wholemodule;
				SWIFT_OPTIMIZATION_LEVEL = "-O";
				VALIDATE_PRODUCT = YES;
			};
			name = Release;
		};
		3F77CAEB27AC5BEC00786314 /* Debug */ = {
			isa = XCBuildConfiguration;
			buildSettings = {
				ASSETCATALOG_COMPILER_APPICON_NAME = AppIcon;
				ASSETCATALOG_COMPILER_GLOBAL_ACCENT_COLOR_NAME = AccentColor;
				CODE_SIGN_STYLE = Automatic;
				CURRENT_PROJECT_VERSION = 1;
				GENERATE_INFOPLIST_FILE = YES;
				INFOPLIST_FILE = Tsytsyk_FormatName/Info.plist;
				INFOPLIST_KEY_CFBundleDisplayName = Tsytsyk_FormatName;
				INFOPLIST_KEY_UIApplicationSupportsIndirectInputEvents = YES;
				INFOPLIST_KEY_UILaunchStoryboardName = LaunchScreen;
				INFOPLIST_KEY_UIMainStoryboardFile = Main;
				INFOPLIST_KEY_UISupportedInterfaceOrientations_iPad = "UIInterfaceOrientationPortrait UIInterfaceOrientationPortraitUpsideDown UIInterfaceOrientationLandscapeLeft UIInterfaceOrientationLandscapeRight";
				INFOPLIST_KEY_UISupportedInterfaceOrientations_iPhone = "UIInterfaceOrientationPortrait UIInterfaceOrientationLandscapeLeft UIInterfaceOrientationLandscapeRight";
				LD_RUNPATH_SEARCH_PATHS = (
					"$(inherited)",
					"@executable_path/Frameworks",
				);
				MARKETING_VERSION = 1.0;
				PRODUCT_BUNDLE_IDENTIFIER = "nwmsu.Tsytsyk-FormatName";
				PRODUCT_NAME = "$(TARGET_NAME)";
				SWIFT_EMIT_LOC_STRINGS = YES;
				SWIFT_VERSION = 5.0;
				TARGETED_DEVICE_FAMILY = "1,2";
			};
			name = Debug;
		};
		3F77CAEC27AC5BEC00786314 /* Release */ = {
			isa = XCBuildConfiguration;
			buildSettings = {
				ASSETCATALOG_COMPILER_APPICON_NAME = AppIcon;
				ASSETCATALOG_COMPILER_GLOBAL_ACCENT_COLOR_NAME = AccentColor;
				CODE_SIGN_STYLE = Automatic;
				CURRENT_PROJECT_VERSION = 1;
				GENERATE_INFOPLIST_FILE = YES;
				INFOPLIST_FILE = Tsytsyk_FormatName/Info.plist;
				INFOPLIST_KEY_CFBundleDisplayName = Tsytsyk_FormatName;
				INFOPLIST_KEY_UIApplicationSupportsIndirectInputEvents = YES;
				INFOPLIST_KEY_UILaunchStoryboardName = LaunchScreen;
				INFOPLIST_KEY_UIMainStoryboardFile = Main;
				INFOPLIST_KEY_UISupportedInterfaceOrientations_iPad = "UIInterfaceOrientationPortrait UIInterfaceOrientationPortraitUpsideDown UIInterfaceOrientationLandscapeLeft UIInterfaceOrientationLandscapeRight";
				INFOPLIST_KEY_UISupportedInterfaceOrientations_iPhone = "UIInterfaceOrientationPortrait UIInterfaceOrientationLandscapeLeft UIInterfaceOrientationLandscapeRight";
				LD_RUNPATH_SEARCH_PATHS = (
					"$(inherited)",
					"@executable_path/Frameworks",
				);
				MARKETING_VERSION = 1.0;
				PRODUCT_BUNDLE_IDENTIFIER = "nwmsu.Tsytsyk-FormatName";
				PRODUCT_NAME = "$(TARGET_NAME)";
				SWIFT_EMIT_LOC_STRINGS = YES;
				SWIFT_VERSION = 5.0;
				TARGETED_DEVICE_FAMILY = "1,2";
			};
			name = Release;
		};
		3F77CAEE27AC5BEC00786314 /* Debug */ = {
			isa = XCBuildConfiguration;
			buildSettings = {
				ALWAYS_EMBED_SWIFT_STANDARD_LIBRARIES = YES;
				BUNDLE_LOADER = "$(TEST_HOST)";
				CODE_SIGN_STYLE = Automatic;
				CURRENT_PROJECT_VERSION = 1;
				GENERATE_INFOPLIST_FILE = YES;
				IPHONEOS_DEPLOYMENT_TARGET = 15.0;
				LD_RUNPATH_SEARCH_PATHS = (
					"$(inherited)",
					"@executable_path/Frameworks",
					"@loader_path/Frameworks",
				);
				MARKETING_VERSION = 1.0;
				PRODUCT_BUNDLE_IDENTIFIER = "nwmsu.Tsytsyk-FormatNameTests";
				PRODUCT_NAME = "$(TARGET_NAME)";
				SWIFT_EMIT_LOC_STRINGS = NO;
				SWIFT_VERSION = 5.0;
				TARGETED_DEVICE_FAMILY = "1,2";
				TEST_HOST = "$(BUILT_PRODUCTS_DIR)/Tsytsyk_FormatName.app/Tsytsyk_FormatName";
			};
			name = Debug;
		};
		3F77CAEF27AC5BEC00786314 /* Release */ = {
			isa = XCBuildConfiguration;
			buildSettings = {
				ALWAYS_EMBED_SWIFT_STANDARD_LIBRARIES = YES;
				BUNDLE_LOADER = "$(TEST_HOST)";
				CODE_SIGN_STYLE = Automatic;
				CURRENT_PROJECT_VERSION = 1;
				GENERATE_INFOPLIST_FILE = YES;
				IPHONEOS_DEPLOYMENT_TARGET = 15.0;
				LD_RUNPATH_SEARCH_PATHS = (
					"$(inherited)",
					"@executable_path/Frameworks",
					"@loader_path/Frameworks",
				);
				MARKETING_VERSION = 1.0;
				PRODUCT_BUNDLE_IDENTIFIER = "nwmsu.Tsytsyk-FormatNameTests";
				PRODUCT_NAME = "$(TARGET_NAME)";
				SWIFT_EMIT_LOC_STRINGS = NO;
				SWIFT_VERSION = 5.0;
				TARGETED_DEVICE_FAMILY = "1,2";
				TEST_HOST = "$(BUILT_PRODUCTS_DIR)/Tsytsyk_FormatName.app/Tsytsyk_FormatName";
			};
			name = Release;
		};
		3F77CAF127AC5BEC00786314 /* Debug */ = {
			isa = XCBuildConfiguration;
			buildSettings = {
				ALWAYS_EMBED_SWIFT_STANDARD_LIBRARIES = YES;
				CODE_SIGN_STYLE = Automatic;
				CURRENT_PROJECT_VERSION = 1;
				GENERATE_INFOPLIST_FILE = YES;
				LD_RUNPATH_SEARCH_PATHS = (
					"$(inherited)",
					"@executable_path/Frameworks",
					"@loader_path/Frameworks",
				);
				MARKETING_VERSION = 1.0;
				PRODUCT_BUNDLE_IDENTIFIER = "nwmsu.Tsytsyk-FormatNameUITests";
				PRODUCT_NAME = "$(TARGET_NAME)";
				SWIFT_EMIT_LOC_STRINGS = NO;
				SWIFT_VERSION = 5.0;
				TARGETED_DEVICE_FAMILY = "1,2";
				TEST_TARGET_NAME = Tsytsyk_FormatName;
			};
			name = Debug;
		};
		3F77CAF227AC5BEC00786314 /* Release */ = {
			isa = XCBuildConfiguration;
			buildSettings = {
				ALWAYS_EMBED_SWIFT_STANDARD_LIBRARIES = YES;
				CODE_SIGN_STYLE = Automatic;
				CURRENT_PROJECT_VERSION = 1;
				GENERATE_INFOPLIST_FILE = YES;
				LD_RUNPATH_SEARCH_PATHS = (
					"$(inherited)",
					"@executable_path/Frameworks",
					"@loader_path/Frameworks",
				);
				MARKETING_VERSION = 1.0;
				PRODUCT_BUNDLE_IDENTIFIER = "nwmsu.Tsytsyk-FormatNameUITests";
				PRODUCT_NAME = "$(TARGET_NAME)";
				SWIFT_EMIT_LOC_STRINGS = NO;
				SWIFT_VERSION = 5.0;
				TARGETED_DEVICE_FAMILY = "1,2";
				TEST_TARGET_NAME = Tsytsyk_FormatName;
			};
			name = Release;
		};
/* End XCBuildConfiguration section */

/* Begin XCConfigurationList section */
		3F77CABB27AC5BEB00786314 /* Build configuration list for PBXProject "Tsytsyk_FormatName" */ = {
			isa = XCConfigurationList;
			buildConfigurations = (
				3F77CAE827AC5BEC00786314 /* Debug */,
				3F77CAE927AC5BEC00786314 /* Release */,
			);
			defaultConfigurationIsVisible = 0;
			defaultConfigurationName = Release;
		};
		3F77CAEA27AC5BEC00786314 /* Build configuration list for PBXNativeTarget "Tsytsyk_FormatName" */ = {
			isa = XCConfigurationList;
			buildConfigurations = (
				3F77CAEB27AC5BEC00786314 /* Debug */,
				3F77CAEC27AC5BEC00786314 /* Release */,
			);
			defaultConfigurationIsVisible = 0;
			defaultConfigurationName = Release;
		};
		3F77CAED27AC5BEC00786314 /* Build configuration list for PBXNativeTarget "Tsytsyk_FormatNameTests" */ = {
			isa = XCConfigurationList;
			buildConfigurations = (
				3F77CAEE27AC5BEC00786314 /* Debug */,
				3F77CAEF27AC5BEC00786314 /* Release */,
			);
			defaultConfigurationIsVisible = 0;
			defaultConfigurationName = Release;
		};
		3F77CAF027AC5BEC00786314 /* Build configuration list for PBXNativeTarget "Tsytsyk_FormatNameUITests" */ = {
			isa = XCConfigurationList;
			buildConfigurations = (
				3F77CAF127AC5BEC00786314 /* Debug */,
				3F77CAF227AC5BEC00786314 /* Release */,
			);
			defaultConfigurationIsVisible = 0;
			defaultConfigurationName = Release;
		};
/* End XCConfigurationList section */
	};
	rootObject = 3F77CAB827AC5BEB00786314 /* Project object */;
}
