// !$*UTF8*$!
{
	archiveVersion = 1;
	classes = {
	};
	objectVersion = 55;
	objects = {

/* Begin PBXBuildFile section */
		3F5E48C027BED56900718BCC /* AppDelegate.swift in Sources */ = {isa = PBXBuildFile; fileRef = 3F5E48BF27BED56900718BCC /* AppDelegate.swift */; };
		3F5E48C227BED56900718BCC /* SceneDelegate.swift in Sources */ = {isa = PBXBuildFile; fileRef = 3F5E48C127BED56900718BCC /* SceneDelegate.swift */; };
		3F5E48C427BED56900718BCC /* ViewController.swift in Sources */ = {isa = PBXBuildFile; fileRef = 3F5E48C327BED56900718BCC /* ViewController.swift */; };
		3F5E48C727BED56900718BCC /* Main.storyboard in Resources */ = {isa = PBXBuildFile; fileRef = 3F5E48C527BED56900718BCC /* Main.storyboard */; };
		3F5E48C927BED56A00718BCC /* Assets.xcassets in Resources */ = {isa = PBXBuildFile; fileRef = 3F5E48C827BED56A00718BCC /* Assets.xcassets */; };
		3F5E48CC27BED56A00718BCC /* LaunchScreen.storyboard in Resources */ = {isa = PBXBuildFile; fileRef = 3F5E48CA27BED56A00718BCC /* LaunchScreen.storyboard */; };
		3F5E48D727BED56A00718BCC /* Tsytsyk_CalculatorTests.swift in Sources */ = {isa = PBXBuildFile; fileRef = 3F5E48D627BED56A00718BCC /* Tsytsyk_CalculatorTests.swift */; };
		3F5E48E127BED56A00718BCC /* Tsytsyk_CalculatorUITests.swift in Sources */ = {isa = PBXBuildFile; fileRef = 3F5E48E027BED56A00718BCC /* Tsytsyk_CalculatorUITests.swift */; };
		3F5E48E327BED56A00718BCC /* Tsytsyk_CalculatorUITestsLaunchTests.swift in Sources */ = {isa = PBXBuildFile; fileRef = 3F5E48E227BED56A00718BCC /* Tsytsyk_CalculatorUITestsLaunchTests.swift */; };
/* End PBXBuildFile section */

/* Begin PBXContainerItemProxy section */
		3F5E48D327BED56A00718BCC /* PBXContainerItemProxy */ = {
			isa = PBXContainerItemProxy;
			containerPortal = 3F5E48B427BED56900718BCC /* Project object */;
			proxyType = 1;
			remoteGlobalIDString = 3F5E48BB27BED56900718BCC;
			remoteInfo = Tsytsyk_Calculator;
		};
		3F5E48DD27BED56A00718BCC /* PBXContainerItemProxy */ = {
			isa = PBXContainerItemProxy;
			containerPortal = 3F5E48B427BED56900718BCC /* Project object */;
			proxyType = 1;
			remoteGlobalIDString = 3F5E48BB27BED56900718BCC;
			remoteInfo = Tsytsyk_Calculator;
		};
/* End PBXContainerItemProxy section */

/* Begin PBXFileReference section */
		3F5E48BC27BED56900718BCC /* Tsytsyk_Calculator.app */ = {isa = PBXFileReference; explicitFileType = wrapper.application; includeInIndex = 0; path = Tsytsyk_Calculator.app; sourceTree = BUILT_PRODUCTS_DIR; };
		3F5E48BF27BED56900718BCC /* AppDelegate.swift */ = {isa = PBXFileReference; lastKnownFileType = sourcecode.swift; path = AppDelegate.swift; sourceTree = "<group>"; };
		3F5E48C127BED56900718BCC /* SceneDelegate.swift */ = {isa = PBXFileReference; lastKnownFileType = sourcecode.swift; path = SceneDelegate.swift; sourceTree = "<group>"; };
		3F5E48C327BED56900718BCC /* ViewController.swift */ = {isa = PBXFileReference; lastKnownFileType = sourcecode.swift; path = ViewController.swift; sourceTree = "<group>"; };
		3F5E48C627BED56900718BCC /* Base */ = {isa = PBXFileReference; lastKnownFileType = file.storyboard; name = Base; path = Base.lproj/Main.storyboard; sourceTree = "<group>"; };
		3F5E48C827BED56A00718BCC /* Assets.xcassets */ = {isa = PBXFileReference; lastKnownFileType = folder.assetcatalog; path = Assets.xcassets; sourceTree = "<group>"; };
		3F5E48CB27BED56A00718BCC /* Base */ = {isa = PBXFileReference; lastKnownFileType = file.storyboard; name = Base; path = Base.lproj/LaunchScreen.storyboard; sourceTree = "<group>"; };
		3F5E48CD27BED56A00718BCC /* Info.plist */ = {isa = PBXFileReference; lastKnownFileType = text.plist.xml; path = Info.plist; sourceTree = "<group>"; };
		3F5E48D227BED56A00718BCC /* Tsytsyk_CalculatorTests.xctest */ = {isa = PBXFileReference; explicitFileType = wrapper.cfbundle; includeInIndex = 0; path = Tsytsyk_CalculatorTests.xctest; sourceTree = BUILT_PRODUCTS_DIR; };
		3F5E48D627BED56A00718BCC /* Tsytsyk_CalculatorTests.swift */ = {isa = PBXFileReference; lastKnownFileType = sourcecode.swift; path = Tsytsyk_CalculatorTests.swift; sourceTree = "<group>"; };
		3F5E48DC27BED56A00718BCC /* Tsytsyk_CalculatorUITests.xctest */ = {isa = PBXFileReference; explicitFileType = wrapper.cfbundle; includeInIndex = 0; path = Tsytsyk_CalculatorUITests.xctest; sourceTree = BUILT_PRODUCTS_DIR; };
		3F5E48E027BED56A00718BCC /* Tsytsyk_CalculatorUITests.swift */ = {isa = PBXFileReference; lastKnownFileType = sourcecode.swift; path = Tsytsyk_CalculatorUITests.swift; sourceTree = "<group>"; };
		3F5E48E227BED56A00718BCC /* Tsytsyk_CalculatorUITestsLaunchTests.swift */ = {isa = PBXFileReference; lastKnownFileType = sourcecode.swift; path = Tsytsyk_CalculatorUITestsLaunchTests.swift; sourceTree = "<group>"; };
/* End PBXFileReference section */

/* Begin PBXFrameworksBuildPhase section */
		3F5E48B927BED56900718BCC /* Frameworks */ = {
			isa = PBXFrameworksBuildPhase;
			buildActionMask = 2147483647;
			files = (
			);
			runOnlyForDeploymentPostprocessing = 0;
		};
		3F5E48CF27BED56A00718BCC /* Frameworks */ = {
			isa = PBXFrameworksBuildPhase;
			buildActionMask = 2147483647;
			files = (
			);
			runOnlyForDeploymentPostprocessing = 0;
		};
		3F5E48D927BED56A00718BCC /* Frameworks */ = {
			isa = PBXFrameworksBuildPhase;
			buildActionMask = 2147483647;
			files = (
			);
			runOnlyForDeploymentPostprocessing = 0;
		};
/* End PBXFrameworksBuildPhase section */

/* Begin PBXGroup section */
		3F5E48B327BED56900718BCC = {
			isa = PBXGroup;
			children = (
				3F5E48BE27BED56900718BCC /* Tsytsyk_Calculator */,
				3F5E48D527BED56A00718BCC /* Tsytsyk_CalculatorTests */,
				3F5E48DF27BED56A00718BCC /* Tsytsyk_CalculatorUITests */,
				3F5E48BD27BED56900718BCC /* Products */,
			);
			sourceTree = "<group>";
		};
		3F5E48BD27BED56900718BCC /* Products */ = {
			isa = PBXGroup;
			children = (
				3F5E48BC27BED56900718BCC /* Tsytsyk_Calculator.app */,
				3F5E48D227BED56A00718BCC /* Tsytsyk_CalculatorTests.xctest */,
				3F5E48DC27BED56A00718BCC /* Tsytsyk_CalculatorUITests.xctest */,
			);
			name = Products;
			sourceTree = "<group>";
		};
		3F5E48BE27BED56900718BCC /* Tsytsyk_Calculator */ = {
			isa = PBXGroup;
			children = (
				3F5E48BF27BED56900718BCC /* AppDelegate.swift */,
				3F5E48C127BED56900718BCC /* SceneDelegate.swift */,
				3F5E48C327BED56900718BCC /* ViewController.swift */,
				3F5E48C527BED56900718BCC /* Main.storyboard */,
				3F5E48C827BED56A00718BCC /* Assets.xcassets */,
				3F5E48CA27BED56A00718BCC /* LaunchScreen.storyboard */,
				3F5E48CD27BED56A00718BCC /* Info.plist */,
			);
			path = Tsytsyk_Calculator;
			sourceTree = "<group>";
		};
		3F5E48D527BED56A00718BCC /* Tsytsyk_CalculatorTests */ = {
			isa = PBXGroup;
			children = (
				3F5E48D627BED56A00718BCC /* Tsytsyk_CalculatorTests.swift */,
			);
			path = Tsytsyk_CalculatorTests;
			sourceTree = "<group>";
		};
		3F5E48DF27BED56A00718BCC /* Tsytsyk_CalculatorUITests */ = {
			isa = PBXGroup;
			children = (
				3F5E48E027BED56A00718BCC /* Tsytsyk_CalculatorUITests.swift */,
				3F5E48E227BED56A00718BCC /* Tsytsyk_CalculatorUITestsLaunchTests.swift */,
			);
			path = Tsytsyk_CalculatorUITests;
			sourceTree = "<group>";
		};
/* End PBXGroup section */

/* Begin PBXNativeTarget section */
		3F5E48BB27BED56900718BCC /* Tsytsyk_Calculator */ = {
			isa = PBXNativeTarget;
			buildConfigurationList = 3F5E48E627BED56A00718BCC /* Build configuration list for PBXNativeTarget "Tsytsyk_Calculator" */;
			buildPhases = (
				3F5E48B827BED56900718BCC /* Sources */,
				3F5E48B927BED56900718BCC /* Frameworks */,
				3F5E48BA27BED56900718BCC /* Resources */,
			);
			buildRules = (
			);
			dependencies = (
			);
			name = Tsytsyk_Calculator;
			productName = Tsytsyk_Calculator;
			productReference = 3F5E48BC27BED56900718BCC /* Tsytsyk_Calculator.app */;
			productType = "com.apple.product-type.application";
		};
		3F5E48D127BED56A00718BCC /* Tsytsyk_CalculatorTests */ = {
			isa = PBXNativeTarget;
			buildConfigurationList = 3F5E48E927BED56A00718BCC /* Build configuration list for PBXNativeTarget "Tsytsyk_CalculatorTests" */;
			buildPhases = (
				3F5E48CE27BED56A00718BCC /* Sources */,
				3F5E48CF27BED56A00718BCC /* Frameworks */,
				3F5E48D027BED56A00718BCC /* Resources */,
			);
			buildRules = (
			);
			dependencies = (
				3F5E48D427BED56A00718BCC /* PBXTargetDependency */,
			);
			name = Tsytsyk_CalculatorTests;
			productName = Tsytsyk_CalculatorTests;
			productReference = 3F5E48D227BED56A00718BCC /* Tsytsyk_CalculatorTests.xctest */;
			productType = "com.apple.product-type.bundle.unit-test";
		};
		3F5E48DB27BED56A00718BCC /* Tsytsyk_CalculatorUITests */ = {
			isa = PBXNativeTarget;
			buildConfigurationList = 3F5E48EC27BED56A00718BCC /* Build configuration list for PBXNativeTarget "Tsytsyk_CalculatorUITests" */;
			buildPhases = (
				3F5E48D827BED56A00718BCC /* Sources */,
				3F5E48D927BED56A00718BCC /* Frameworks */,
				3F5E48DA27BED56A00718BCC /* Resources */,
			);
			buildRules = (
			);
			dependencies = (
				3F5E48DE27BED56A00718BCC /* PBXTargetDependency */,
			);
			name = Tsytsyk_CalculatorUITests;
			productName = Tsytsyk_CalculatorUITests;
			productReference = 3F5E48DC27BED56A00718BCC /* Tsytsyk_CalculatorUITests.xctest */;
			productType = "com.apple.product-type.bundle.ui-testing";
		};
/* End PBXNativeTarget section */

/* Begin PBXProject section */
		3F5E48B427BED56900718BCC /* Project object */ = {
			isa = PBXProject;
			attributes = {
				BuildIndependentTargetsInParallel = 1;
				LastSwiftUpdateCheck = 1300;
				LastUpgradeCheck = 1300;
				TargetAttributes = {
					3F5E48BB27BED56900718BCC = {
						CreatedOnToolsVersion = 13.0;
					};
					3F5E48D127BED56A00718BCC = {
						CreatedOnToolsVersion = 13.0;
						TestTargetID = 3F5E48BB27BED56900718BCC;
					};
					3F5E48DB27BED56A00718BCC = {
						CreatedOnToolsVersion = 13.0;
						TestTargetID = 3F5E48BB27BED56900718BCC;
					};
				};
			};
			buildConfigurationList = 3F5E48B727BED56900718BCC /* Build configuration list for PBXProject "Tsytsyk_Calculator" */;
			compatibilityVersion = "Xcode 13.0";
			developmentRegion = en;
			hasScannedForEncodings = 0;
			knownRegions = (
				en,
				Base,
			);
			mainGroup = 3F5E48B327BED56900718BCC;
			productRefGroup = 3F5E48BD27BED56900718BCC /* Products */;
			projectDirPath = "";
			projectRoot = "";
			targets = (
				3F5E48BB27BED56900718BCC /* Tsytsyk_Calculator */,
				3F5E48D127BED56A00718BCC /* Tsytsyk_CalculatorTests */,
				3F5E48DB27BED56A00718BCC /* Tsytsyk_CalculatorUITests */,
			);
		};
/* End PBXProject section */

/* Begin PBXResourcesBuildPhase section */
		3F5E48BA27BED56900718BCC /* Resources */ = {
			isa = PBXResourcesBuildPhase;
			buildActionMask = 2147483647;
			files = (
				3F5E48CC27BED56A00718BCC /* LaunchScreen.storyboard in Resources */,
				3F5E48C927BED56A00718BCC /* Assets.xcassets in Resources */,
				3F5E48C727BED56900718BCC /* Main.storyboard in Resources */,
			);
			runOnlyForDeploymentPostprocessing = 0;
		};
		3F5E48D027BED56A00718BCC /* Resources */ = {
			isa = PBXResourcesBuildPhase;
			buildActionMask = 2147483647;
			files = (
			);
			runOnlyForDeploymentPostprocessing = 0;
		};
		3F5E48DA27BED56A00718BCC /* Resources */ = {
			isa = PBXResourcesBuildPhase;
			buildActionMask = 2147483647;
			files = (
			);
			runOnlyForDeploymentPostprocessing = 0;
		};
/* End PBXResourcesBuildPhase section */

/* Begin PBXSourcesBuildPhase section */
		3F5E48B827BED56900718BCC /* Sources */ = {
			isa = PBXSourcesBuildPhase;
			buildActionMask = 2147483647;
			files = (
				3F5E48C427BED56900718BCC /* ViewController.swift in Sources */,
				3F5E48C027BED56900718BCC /* AppDelegate.swift in Sources */,
				3F5E48C227BED56900718BCC /* SceneDelegate.swift in Sources */,
			);
			runOnlyForDeploymentPostprocessing = 0;
		};
		3F5E48CE27BED56A00718BCC /* Sources */ = {
			isa = PBXSourcesBuildPhase;
			buildActionMask = 2147483647;
			files = (
				3F5E48D727BED56A00718BCC /* Tsytsyk_CalculatorTests.swift in Sources */,
			);
			runOnlyForDeploymentPostprocessing = 0;
		};
		3F5E48D827BED56A00718BCC /* Sources */ = {
			isa = PBXSourcesBuildPhase;
			buildActionMask = 2147483647;
			files = (
				3F5E48E327BED56A00718BCC /* Tsytsyk_CalculatorUITestsLaunchTests.swift in Sources */,
				3F5E48E127BED56A00718BCC /* Tsytsyk_CalculatorUITests.swift in Sources */,
			);
			runOnlyForDeploymentPostprocessing = 0;
		};
/* End PBXSourcesBuildPhase section */

/* Begin PBXTargetDependency section */
		3F5E48D427BED56A00718BCC /* PBXTargetDependency */ = {
			isa = PBXTargetDependency;
			target = 3F5E48BB27BED56900718BCC /* Tsytsyk_Calculator */;
			targetProxy = 3F5E48D327BED56A00718BCC /* PBXContainerItemProxy */;
		};
		3F5E48DE27BED56A00718BCC /* PBXTargetDependency */ = {
			isa = PBXTargetDependency;
			target = 3F5E48BB27BED56900718BCC /* Tsytsyk_Calculator */;
			targetProxy = 3F5E48DD27BED56A00718BCC /* PBXContainerItemProxy */;
		};
/* End PBXTargetDependency section */

/* Begin PBXVariantGroup section */
		3F5E48C527BED56900718BCC /* Main.storyboard */ = {
			isa = PBXVariantGroup;
			children = (
				3F5E48C627BED56900718BCC /* Base */,
			);
			name = Main.storyboard;
			sourceTree = "<group>";
		};
		3F5E48CA27BED56A00718BCC /* LaunchScreen.storyboard */ = {
			isa = PBXVariantGroup;
			children = (
				3F5E48CB27BED56A00718BCC /* Base */,
			);
			name = LaunchScreen.storyboard;
			sourceTree = "<group>";
		};
/* End PBXVariantGroup section */

/* Begin XCBuildConfiguration section */
		3F5E48E427BED56A00718BCC /* Debug */ = {
			isa = XCBuildConfiguration;
			buildSettings = {
				ALWAYS_SEARCH_USER_PATHS = NO;
				CLANG_ANALYZER_NONNULL = YES;
				CLANG_ANALYZER_NUMBER_OBJECT_CONVERSION = YES_AGGRESSIVE;
				CLANG_CXX_LANGUAGE_STANDARD = "gnu++17";
				CLANG_CXX_LIBRARY = "libc++";
				CLANG_ENABLE_MODULES = YES;
				CLANG_ENABLE_OBJC_ARC = YES;
				CLANG_ENABLE_OBJC_WEAK = YES;
				CLANG_WARN_BLOCK_CAPTURE_AUTORELEASING = YES;
				CLANG_WARN_BOOL_CONVERSION = YES;
				CLANG_WARN_COMMA = YES;
				CLANG_WARN_CONSTANT_CONVERSION = YES;
				CLANG_WARN_DEPRECATED_OBJC_IMPLEMENTATIONS = YES;
				CLANG_WARN_DIRECT_OBJC_ISA_USAGE = YES_ERROR;
				CLANG_WARN_DOCUMENTATION_COMMENTS = YES;
				CLANG_WARN_EMPTY_BODY = YES;
				CLANG_WARN_ENUM_CONVERSION = YES;
				CLANG_WARN_INFINITE_RECURSION = YES;
				CLANG_WARN_INT_CONVERSION = YES;
				CLANG_WARN_NON_LITERAL_NULL_CONVERSION = YES;
				CLANG_WARN_OBJC_IMPLICIT_RETAIN_SELF = YES;
				CLANG_WARN_OBJC_LITERAL_CONVERSION = YES;
				CLANG_WARN_OBJC_ROOT_CLASS = YES_ERROR;
				CLANG_WARN_QUOTED_INCLUDE_IN_FRAMEWORK_HEADER = YES;
				CLANG_WARN_RANGE_LOOP_ANALYSIS = YES;
				CLANG_WARN_STRICT_PROTOTYPES = YES;
				CLANG_WARN_SUSPICIOUS_MOVE = YES;
				CLANG_WARN_UNGUARDED_AVAILABILITY = YES_AGGRESSIVE;
				CLANG_WARN_UNREACHABLE_CODE = YES;
				CLANG_WARN__DUPLICATE_METHOD_MATCH = YES;
				COPY_PHASE_STRIP = NO;
				DEBUG_INFORMATION_FORMAT = dwarf;
				ENABLE_STRICT_OBJC_MSGSEND = YES;
				ENABLE_TESTABILITY = YES;
				GCC_C_LANGUAGE_STANDARD = gnu11;
				GCC_DYNAMIC_NO_PIC = NO;
				GCC_NO_COMMON_BLOCKS = YES;
				GCC_OPTIMIZATION_LEVEL = 0;
				GCC_PREPROCESSOR_DEFINITIONS = (
					"DEBUG=1",
					"$(inherited)",
				);
				GCC_WARN_64_TO_32_BIT_CONVERSION = YES;
				GCC_WARN_ABOUT_RETURN_TYPE = YES_ERROR;
				GCC_WARN_UNDECLARED_SELECTOR = YES;
				GCC_WARN_UNINITIALIZED_AUTOS = YES_AGGRESSIVE;
				GCC_WARN_UNUSED_FUNCTION = YES;
				GCC_WARN_UNUSED_VARIABLE = YES;
				IPHONEOS_DEPLOYMENT_TARGET = 15.0;
				MTL_ENABLE_DEBUG_INFO = INCLUDE_SOURCE;
				MTL_FAST_MATH = YES;
				ONLY_ACTIVE_ARCH = YES;
				SDKROOT = iphoneos;
				SWIFT_ACTIVE_COMPILATION_CONDITIONS = DEBUG;
				SWIFT_OPTIMIZATION_LEVEL = "-Onone";
			};
			name = Debug;
		};
		3F5E48E527BED56A00718BCC /* Release */ = {
			isa = XCBuildConfiguration;
			buildSettings = {
				ALWAYS_SEARCH_USER_PATHS = NO;
				CLANG_ANALYZER_NONNULL = YES;
				CLANG_ANALYZER_NUMBER_OBJECT_CONVERSION = YES_AGGRESSIVE;
				CLANG_CXX_LANGUAGE_STANDARD = "gnu++17";
				CLANG_CXX_LIBRARY = "libc++";
				CLANG_ENABLE_MODULES = YES;
				CLANG_ENABLE_OBJC_ARC = YES;
				CLANG_ENABLE_OBJC_WEAK = YES;
				CLANG_WARN_BLOCK_CAPTURE_AUTORELEASING = YES;
				CLANG_WARN_BOOL_CONVERSION = YES;
				CLANG_WARN_COMMA = YES;
				CLANG_WARN_CONSTANT_CONVERSION = YES;
				CLANG_WARN_DEPRECATED_OBJC_IMPLEMENTATIONS = YES;
				CLANG_WARN_DIRECT_OBJC_ISA_USAGE = YES_ERROR;
				CLANG_WARN_DOCUMENTATION_COMMENTS = YES;
				CLANG_WARN_EMPTY_BODY = YES;
				CLANG_WARN_ENUM_CONVERSION = YES;
				CLANG_WARN_INFINITE_RECURSION = YES;
				CLANG_WARN_INT_CONVERSION = YES;
				CLANG_WARN_NON_LITERAL_NULL_CONVERSION = YES;
				CLANG_WARN_OBJC_IMPLICIT_RETAIN_SELF = YES;
				CLANG_WARN_OBJC_LITERAL_CONVERSION = YES;
				CLANG_WARN_OBJC_ROOT_CLASS = YES_ERROR;
				CLANG_WARN_QUOTED_INCLUDE_IN_FRAMEWORK_HEADER = YES;
				CLANG_WARN_RANGE_LOOP_ANALYSIS = YES;
				CLANG_WARN_STRICT_PROTOTYPES = YES;
				CLANG_WARN_SUSPICIOUS_MOVE = YES;
				CLANG_WARN_UNGUARDED_AVAILABILITY = YES_AGGRESSIVE;
				CLANG_WARN_UNREACHABLE_CODE = YES;
				CLANG_WARN__DUPLICATE_METHOD_MATCH = YES;
				COPY_PHASE_STRIP = NO;
				DEBUG_INFORMATION_FORMAT = "dwarf-with-dsym";
				ENABLE_NS_ASSERTIONS = NO;
				ENABLE_STRICT_OBJC_MSGSEND = YES;
				GCC_C_LANGUAGE_STANDARD = gnu11;
				GCC_NO_COMMON_BLOCKS = YES;
				GCC_WARN_64_TO_32_BIT_CONVERSION = YES;
				GCC_WARN_ABOUT_RETURN_TYPE = YES_ERROR;
				GCC_WARN_UNDECLARED_SELECTOR = YES;
				GCC_WARN_UNINITIALIZED_AUTOS = YES_AGGRESSIVE;
				GCC_WARN_UNUSED_FUNCTION = YES;
				GCC_WARN_UNUSED_VARIABLE = YES;
				IPHONEOS_DEPLOYMENT_TARGET = 15.0;
				MTL_ENABLE_DEBUG_INFO = NO;
				MTL_FAST_MATH = YES;
				SDKROOT = iphoneos;
				SWIFT_COMPILATION_MODE = wholemodule;
				SWIFT_OPTIMIZATION_LEVEL = "-O";
				VALIDATE_PRODUCT = YES;
			};
			name = Release;
		};
		3F5E48E727BED56A00718BCC /* Debug */ = {
			isa = XCBuildConfiguration;
			buildSettings = {
				ASSETCATALOG_COMPILER_APPICON_NAME = AppIcon;
				ASSETCATALOG_COMPILER_GLOBAL_ACCENT_COLOR_NAME = AccentColor;
				CODE_SIGN_STYLE = Automatic;
				CURRENT_PROJECT_VERSION = 1;
				GENERATE_INFOPLIST_FILE = YES;
				INFOPLIST_FILE = Tsytsyk_Calculator/Info.plist;
				INFOPLIST_KEY_CFBundleDisplayName = Tsytsyk_Calculator;
				INFOPLIST_KEY_UIApplicationSupportsIndirectInputEvents = YES;
				INFOPLIST_KEY_UILaunchStoryboardName = LaunchScreen;
				INFOPLIST_KEY_UIMainStoryboardFile = Main;
				INFOPLIST_KEY_UISupportedInterfaceOrientations_iPad = "UIInterfaceOrientationPortrait UIInterfaceOrientationPortraitUpsideDown UIInterfaceOrientationLandscapeLeft UIInterfaceOrientationLandscapeRight";
				INFOPLIST_KEY_UISupportedInterfaceOrientations_iPhone = "UIInterfaceOrientationPortrait UIInterfaceOrientationLandscapeLeft UIInterfaceOrientationLandscapeRight";
				LD_RUNPATH_SEARCH_PATHS = (
					"$(inherited)",
					"@executable_path/Frameworks",
				);
				MARKETING_VERSION = 1.0;
				PRODUCT_BUNDLE_IDENTIFIER = "nwmsu.Tsytsyk-Calculator";
				PRODUCT_NAME = "$(TARGET_NAME)";
				SWIFT_EMIT_LOC_STRINGS = YES;
				SWIFT_VERSION = 5.0;
				TARGETED_DEVICE_FAMILY = "1,2";
			};
			name = Debug;
		};
		3F5E48E827BED56A00718BCC /* Release */ = {
			isa = XCBuildConfiguration;
			buildSettings = {
				ASSETCATALOG_COMPILER_APPICON_NAME = AppIcon;
				ASSETCATALOG_COMPILER_GLOBAL_ACCENT_COLOR_NAME = AccentColor;
				CODE_SIGN_STYLE = Automatic;
				CURRENT_PROJECT_VERSION = 1;
				GENERATE_INFOPLIST_FILE = YES;
				INFOPLIST_FILE = Tsytsyk_Calculator/Info.plist;
				INFOPLIST_KEY_CFBundleDisplayName = Tsytsyk_Calculator;
				INFOPLIST_KEY_UIApplicationSupportsIndirectInputEvents = YES;
				INFOPLIST_KEY_UILaunchStoryboardName = LaunchScreen;
				INFOPLIST_KEY_UIMainStoryboardFile = Main;
				INFOPLIST_KEY_UISupportedInterfaceOrientations_iPad = "UIInterfaceOrientationPortrait UIInterfaceOrientationPortraitUpsideDown UIInterfaceOrientationLandscapeLeft UIInterfaceOrientationLandscapeRight";
				INFOPLIST_KEY_UISupportedInterfaceOrientations_iPhone = "UIInterfaceOrientationPortrait UIInterfaceOrientationLandscapeLeft UIInterfaceOrientationLandscapeRight";
				LD_RUNPATH_SEARCH_PATHS = (
					"$(inherited)",
					"@executable_path/Frameworks",
				);
				MARKETING_VERSION = 1.0;
				PRODUCT_BUNDLE_IDENTIFIER = "nwmsu.Tsytsyk-Calculator";
				PRODUCT_NAME = "$(TARGET_NAME)";
				SWIFT_EMIT_LOC_STRINGS = YES;
				SWIFT_VERSION = 5.0;
				TARGETED_DEVICE_FAMILY = "1,2";
			};
			name = Release;
		};
		3F5E48EA27BED56A00718BCC /* Debug */ = {
			isa = XCBuildConfiguration;
			buildSettings = {
				ALWAYS_EMBED_SWIFT_STANDARD_LIBRARIES = YES;
				BUNDLE_LOADER = "$(TEST_HOST)";
				CODE_SIGN_STYLE = Automatic;
				CURRENT_PROJECT_VERSION = 1;
				GENERATE_INFOPLIST_FILE = YES;
				IPHONEOS_DEPLOYMENT_TARGET = 15.0;
				LD_RUNPATH_SEARCH_PATHS = (
					"$(inherited)",
					"@executable_path/Frameworks",
					"@loader_path/Frameworks",
				);
				MARKETING_VERSION = 1.0;
				PRODUCT_BUNDLE_IDENTIFIER = "nwmsu.Tsytsyk-CalculatorTests";
				PRODUCT_NAME = "$(TARGET_NAME)";
				SWIFT_EMIT_LOC_STRINGS = NO;
				SWIFT_VERSION = 5.0;
				TARGETED_DEVICE_FAMILY = "1,2";
				TEST_HOST = "$(BUILT_PRODUCTS_DIR)/Tsytsyk_Calculator.app/Tsytsyk_Calculator";
			};
			name = Debug;
		};
		3F5E48EB27BED56A00718BCC /* Release */ = {
			isa = XCBuildConfiguration;
			buildSettings = {
				ALWAYS_EMBED_SWIFT_STANDARD_LIBRARIES = YES;
				BUNDLE_LOADER = "$(TEST_HOST)";
				CODE_SIGN_STYLE = Automatic;
				CURRENT_PROJECT_VERSION = 1;
				GENERATE_INFOPLIST_FILE = YES;
				IPHONEOS_DEPLOYMENT_TARGET = 15.0;
				LD_RUNPATH_SEARCH_PATHS = (
					"$(inherited)",
					"@executable_path/Frameworks",
					"@loader_path/Frameworks",
				);
				MARKETING_VERSION = 1.0;
				PRODUCT_BUNDLE_IDENTIFIER = "nwmsu.Tsytsyk-CalculatorTests";
				PRODUCT_NAME = "$(TARGET_NAME)";
				SWIFT_EMIT_LOC_STRINGS = NO;
				SWIFT_VERSION = 5.0;
				TARGETED_DEVICE_FAMILY = "1,2";
				TEST_HOST = "$(BUILT_PRODUCTS_DIR)/Tsytsyk_Calculator.app/Tsytsyk_Calculator";
			};
			name = Release;
		};
		3F5E48ED27BED56A00718BCC /* Debug */ = {
			isa = XCBuildConfiguration;
			buildSettings = {
				ALWAYS_EMBED_SWIFT_STANDARD_LIBRARIES = YES;
				CODE_SIGN_STYLE = Automatic;
				CURRENT_PROJECT_VERSION = 1;
				GENERATE_INFOPLIST_FILE = YES;
				LD_RUNPATH_SEARCH_PATHS = (
					"$(inherited)",
					"@executable_path/Frameworks",
					"@loader_path/Frameworks",
				);
				MARKETING_VERSION = 1.0;
				PRODUCT_BUNDLE_IDENTIFIER = "nwmsu.Tsytsyk-CalculatorUITests";
				PRODUCT_NAME = "$(TARGET_NAME)";
				SWIFT_EMIT_LOC_STRINGS = NO;
				SWIFT_VERSION = 5.0;
				TARGETED_DEVICE_FAMILY = "1,2";
				TEST_TARGET_NAME = Tsytsyk_Calculator;
			};
			name = Debug;
		};
		3F5E48EE27BED56A00718BCC /* Release */ = {
			isa = XCBuildConfiguration;
			buildSettings = {
				ALWAYS_EMBED_SWIFT_STANDARD_LIBRARIES = YES;
				CODE_SIGN_STYLE = Automatic;
				CURRENT_PROJECT_VERSION = 1;
				GENERATE_INFOPLIST_FILE = YES;
				LD_RUNPATH_SEARCH_PATHS = (
					"$(inherited)",
					"@executable_path/Frameworks",
					"@loader_path/Frameworks",
				);
				MARKETING_VERSION = 1.0;
				PRODUCT_BUNDLE_IDENTIFIER = "nwmsu.Tsytsyk-CalculatorUITests";
				PRODUCT_NAME = "$(TARGET_NAME)";
				SWIFT_EMIT_LOC_STRINGS = NO;
				SWIFT_VERSION = 5.0;
				TARGETED_DEVICE_FAMILY = "1,2";
				TEST_TARGET_NAME = Tsytsyk_Calculator;
			};
			name = Release;
		};
/* End XCBuildConfiguration section */

/* Begin XCConfigurationList section */
		3F5E48B727BED56900718BCC /* Build configuration list for PBXProject "Tsytsyk_Calculator" */ = {
			isa = XCConfigurationList;
			buildConfigurations = (
				3F5E48E427BED56A00718BCC /* Debug */,
				3F5E48E527BED56A00718BCC /* Release */,
			);
			defaultConfigurationIsVisible = 0;
			defaultConfigurationName = Release;
		};
		3F5E48E627BED56A00718BCC /* Build configuration list for PBXNativeTarget "Tsytsyk_Calculator" */ = {
			isa = XCConfigurationList;
			buildConfigurations = (
				3F5E48E727BED56A00718BCC /* Debug */,
				3F5E48E827BED56A00718BCC /* Release */,
			);
			defaultConfigurationIsVisible = 0;
			defaultConfigurationName = Release;
		};
		3F5E48E927BED56A00718BCC /* Build configuration list for PBXNativeTarget "Tsytsyk_CalculatorTests" */ = {
			isa = XCConfigurationList;
			buildConfigurations = (
				3F5E48EA27BED56A00718BCC /* Debug */,
				3F5E48EB27BED56A00718BCC /* Release */,
			);
			defaultConfigurationIsVisible = 0;
			defaultConfigurationName = Release;
		};
		3F5E48EC27BED56A00718BCC /* Build configuration list for PBXNativeTarget "Tsytsyk_CalculatorUITests" */ = {
			isa = XCConfigurationList;
			buildConfigurations = (
				3F5E48ED27BED56A00718BCC /* Debug */,
				3F5E48EE27BED56A00718BCC /* Release */,
			);
			defaultConfigurationIsVisible = 0;
			defaultConfigurationName = Release;
		};
/* End XCConfigurationList section */
	};
	rootObject = 3F5E48B427BED56900718BCC /* Project object */;
}
