// !$*UTF8*$!
{
	archiveVersion = 1;
	classes = {
	};
	objectVersion = 55;
	objects = {

/* Begin PBXBuildFile section */
		3F69470A27D1660600A814C2 /* AppDelegate.swift in Sources */ = {isa = PBXBuildFile; fileRef = 3F69470927D1660600A814C2 /* AppDelegate.swift */; };
		3F69470C27D1660600A814C2 /* SceneDelegate.swift in Sources */ = {isa = PBXBuildFile; fileRef = 3F69470B27D1660600A814C2 /* SceneDelegate.swift */; };
		3F69470E27D1660600A814C2 /* ViewController.swift in Sources */ = {isa = PBXBuildFile; fileRef = 3F69470D27D1660600A814C2 /* ViewController.swift */; };
		3F69471127D1660600A814C2 /* Main.storyboard in Resources */ = {isa = PBXBuildFile; fileRef = 3F69470F27D1660600A814C2 /* Main.storyboard */; };
		3F69471327D1660700A814C2 /* Assets.xcassets in Resources */ = {isa = PBXBuildFile; fileRef = 3F69471227D1660700A814C2 /* Assets.xcassets */; };
		3F69471627D1660700A814C2 /* LaunchScreen.storyboard in Resources */ = {isa = PBXBuildFile; fileRef = 3F69471427D1660700A814C2 /* LaunchScreen.storyboard */; };
		3F69472127D1660700A814C2 /* Tsytsyk_SearchAppTests.swift in Sources */ = {isa = PBXBuildFile; fileRef = 3F69472027D1660700A814C2 /* Tsytsyk_SearchAppTests.swift */; };
		3F69472B27D1660700A814C2 /* Tsytsyk_SearchAppUITests.swift in Sources */ = {isa = PBXBuildFile; fileRef = 3F69472A27D1660700A814C2 /* Tsytsyk_SearchAppUITests.swift */; };
		3F69472D27D1660700A814C2 /* Tsytsyk_SearchAppUITestsLaunchTests.swift in Sources */ = {isa = PBXBuildFile; fileRef = 3F69472C27D1660700A814C2 /* Tsytsyk_SearchAppUITestsLaunchTests.swift */; };
/* End PBXBuildFile section */

/* Begin PBXContainerItemProxy section */
		3F69471D27D1660700A814C2 /* PBXContainerItemProxy */ = {
			isa = PBXContainerItemProxy;
			containerPortal = 3F6946FE27D1660600A814C2 /* Project object */;
			proxyType = 1;
			remoteGlobalIDString = 3F69470527D1660600A814C2;
			remoteInfo = Tsytsyk_SearchApp;
		};
		3F69472727D1660700A814C2 /* PBXContainerItemProxy */ = {
			isa = PBXContainerItemProxy;
			containerPortal = 3F6946FE27D1660600A814C2 /* Project object */;
			proxyType = 1;
			remoteGlobalIDString = 3F69470527D1660600A814C2;
			remoteInfo = Tsytsyk_SearchApp;
		};
/* End PBXContainerItemProxy section */

/* Begin PBXFileReference section */
		3F69470627D1660600A814C2 /* Tsytsyk_SearchApp.app */ = {isa = PBXFileReference; explicitFileType = wrapper.application; includeInIndex = 0; path = Tsytsyk_SearchApp.app; sourceTree = BUILT_PRODUCTS_DIR; };
		3F69470927D1660600A814C2 /* AppDelegate.swift */ = {isa = PBXFileReference; lastKnownFileType = sourcecode.swift; path = AppDelegate.swift; sourceTree = "<group>"; };
		3F69470B27D1660600A814C2 /* SceneDelegate.swift */ = {isa = PBXFileReference; lastKnownFileType = sourcecode.swift; path = SceneDelegate.swift; sourceTree = "<group>"; };
		3F69470D27D1660600A814C2 /* ViewController.swift */ = {isa = PBXFileReference; lastKnownFileType = sourcecode.swift; path = ViewController.swift; sourceTree = "<group>"; };
		3F69471027D1660600A814C2 /* Base */ = {isa = PBXFileReference; lastKnownFileType = file.storyboard; name = Base; path = Base.lproj/Main.storyboard; sourceTree = "<group>"; };
		3F69471227D1660700A814C2 /* Assets.xcassets */ = {isa = PBXFileReference; lastKnownFileType = folder.assetcatalog; path = Assets.xcassets; sourceTree = "<group>"; };
		3F69471527D1660700A814C2 /* Base */ = {isa = PBXFileReference; lastKnownFileType = file.storyboard; name = Base; path = Base.lproj/LaunchScreen.storyboard; sourceTree = "<group>"; };
		3F69471727D1660700A814C2 /* Info.plist */ = {isa = PBXFileReference; lastKnownFileType = text.plist.xml; path = Info.plist; sourceTree = "<group>"; };
		3F69471C27D1660700A814C2 /* Tsytsyk_SearchAppTests.xctest */ = {isa = PBXFileReference; explicitFileType = wrapper.cfbundle; includeInIndex = 0; path = Tsytsyk_SearchAppTests.xctest; sourceTree = BUILT_PRODUCTS_DIR; };
		3F69472027D1660700A814C2 /* Tsytsyk_SearchAppTests.swift */ = {isa = PBXFileReference; lastKnownFileType = sourcecode.swift; path = Tsytsyk_SearchAppTests.swift; sourceTree = "<group>"; };
		3F69472627D1660700A814C2 /* Tsytsyk_SearchAppUITests.xctest */ = {isa = PBXFileReference; explicitFileType = wrapper.cfbundle; includeInIndex = 0; path = Tsytsyk_SearchAppUITests.xctest; sourceTree = BUILT_PRODUCTS_DIR; };
		3F69472A27D1660700A814C2 /* Tsytsyk_SearchAppUITests.swift */ = {isa = PBXFileReference; lastKnownFileType = sourcecode.swift; path = Tsytsyk_SearchAppUITests.swift; sourceTree = "<group>"; };
		3F69472C27D1660700A814C2 /* Tsytsyk_SearchAppUITestsLaunchTests.swift */ = {isa = PBXFileReference; lastKnownFileType = sourcecode.swift; path = Tsytsyk_SearchAppUITestsLaunchTests.swift; sourceTree = "<group>"; };
/* End PBXFileReference section */

/* Begin PBXFrameworksBuildPhase section */
		3F69470327D1660600A814C2 /* Frameworks */ = {
			isa = PBXFrameworksBuildPhase;
			buildActionMask = 2147483647;
			files = (
			);
			runOnlyForDeploymentPostprocessing = 0;
		};
		3F69471927D1660700A814C2 /* Frameworks */ = {
			isa = PBXFrameworksBuildPhase;
			buildActionMask = 2147483647;
			files = (
			);
			runOnlyForDeploymentPostprocessing = 0;
		};
		3F69472327D1660700A814C2 /* Frameworks */ = {
			isa = PBXFrameworksBuildPhase;
			buildActionMask = 2147483647;
			files = (
			);
			runOnlyForDeploymentPostprocessing = 0;
		};
/* End PBXFrameworksBuildPhase section */

/* Begin PBXGroup section */
		3F6946FD27D1660600A814C2 = {
			isa = PBXGroup;
			children = (
				3F69470827D1660600A814C2 /* Tsytsyk_SearchApp */,
				3F69471F27D1660700A814C2 /* Tsytsyk_SearchAppTests */,
				3F69472927D1660700A814C2 /* Tsytsyk_SearchAppUITests */,
				3F69470727D1660600A814C2 /* Products */,
			);
			sourceTree = "<group>";
		};
		3F69470727D1660600A814C2 /* Products */ = {
			isa = PBXGroup;
			children = (
				3F69470627D1660600A814C2 /* Tsytsyk_SearchApp.app */,
				3F69471C27D1660700A814C2 /* Tsytsyk_SearchAppTests.xctest */,
				3F69472627D1660700A814C2 /* Tsytsyk_SearchAppUITests.xctest */,
			);
			name = Products;
			sourceTree = "<group>";
		};
		3F69470827D1660600A814C2 /* Tsytsyk_SearchApp */ = {
			isa = PBXGroup;
			children = (
				3F69470927D1660600A814C2 /* AppDelegate.swift */,
				3F69470B27D1660600A814C2 /* SceneDelegate.swift */,
				3F69470D27D1660600A814C2 /* ViewController.swift */,
				3F69470F27D1660600A814C2 /* Main.storyboard */,
				3F69471227D1660700A814C2 /* Assets.xcassets */,
				3F69471427D1660700A814C2 /* LaunchScreen.storyboard */,
				3F69471727D1660700A814C2 /* Info.plist */,
			);
			path = Tsytsyk_SearchApp;
			sourceTree = "<group>";
		};
		3F69471F27D1660700A814C2 /* Tsytsyk_SearchAppTests */ = {
			isa = PBXGroup;
			children = (
				3F69472027D1660700A814C2 /* Tsytsyk_SearchAppTests.swift */,
			);
			path = Tsytsyk_SearchAppTests;
			sourceTree = "<group>";
		};
		3F69472927D1660700A814C2 /* Tsytsyk_SearchAppUITests */ = {
			isa = PBXGroup;
			children = (
				3F69472A27D1660700A814C2 /* Tsytsyk_SearchAppUITests.swift */,
				3F69472C27D1660700A814C2 /* Tsytsyk_SearchAppUITestsLaunchTests.swift */,
			);
			path = Tsytsyk_SearchAppUITests;
			sourceTree = "<group>";
		};
/* End PBXGroup section */

/* Begin PBXNativeTarget section */
		3F69470527D1660600A814C2 /* Tsytsyk_SearchApp */ = {
			isa = PBXNativeTarget;
			buildConfigurationList = 3F69473027D1660700A814C2 /* Build configuration list for PBXNativeTarget "Tsytsyk_SearchApp" */;
			buildPhases = (
				3F69470227D1660600A814C2 /* Sources */,
				3F69470327D1660600A814C2 /* Frameworks */,
				3F69470427D1660600A814C2 /* Resources */,
			);
			buildRules = (
			);
			dependencies = (
			);
			name = Tsytsyk_SearchApp;
			productName = Tsytsyk_SearchApp;
			productReference = 3F69470627D1660600A814C2 /* Tsytsyk_SearchApp.app */;
			productType = "com.apple.product-type.application";
		};
		3F69471B27D1660700A814C2 /* Tsytsyk_SearchAppTests */ = {
			isa = PBXNativeTarget;
			buildConfigurationList = 3F69473327D1660700A814C2 /* Build configuration list for PBXNativeTarget "Tsytsyk_SearchAppTests" */;
			buildPhases = (
				3F69471827D1660700A814C2 /* Sources */,
				3F69471927D1660700A814C2 /* Frameworks */,
				3F69471A27D1660700A814C2 /* Resources */,
			);
			buildRules = (
			);
			dependencies = (
				3F69471E27D1660700A814C2 /* PBXTargetDependency */,
			);
			name = Tsytsyk_SearchAppTests;
			productName = Tsytsyk_SearchAppTests;
			productReference = 3F69471C27D1660700A814C2 /* Tsytsyk_SearchAppTests.xctest */;
			productType = "com.apple.product-type.bundle.unit-test";
		};
		3F69472527D1660700A814C2 /* Tsytsyk_SearchAppUITests */ = {
			isa = PBXNativeTarget;
			buildConfigurationList = 3F69473627D1660700A814C2 /* Build configuration list for PBXNativeTarget "Tsytsyk_SearchAppUITests" */;
			buildPhases = (
				3F69472227D1660700A814C2 /* Sources */,
				3F69472327D1660700A814C2 /* Frameworks */,
				3F69472427D1660700A814C2 /* Resources */,
			);
			buildRules = (
			);
			dependencies = (
				3F69472827D1660700A814C2 /* PBXTargetDependency */,
			);
			name = Tsytsyk_SearchAppUITests;
			productName = Tsytsyk_SearchAppUITests;
			productReference = 3F69472627D1660700A814C2 /* Tsytsyk_SearchAppUITests.xctest */;
			productType = "com.apple.product-type.bundle.ui-testing";
		};
/* End PBXNativeTarget section */

/* Begin PBXProject section */
		3F6946FE27D1660600A814C2 /* Project object */ = {
			isa = PBXProject;
			attributes = {
				BuildIndependentTargetsInParallel = 1;
				LastSwiftUpdateCheck = 1300;
				LastUpgradeCheck = 1300;
				TargetAttributes = {
					3F69470527D1660600A814C2 = {
						CreatedOnToolsVersion = 13.0;
					};
					3F69471B27D1660700A814C2 = {
						CreatedOnToolsVersion = 13.0;
						TestTargetID = 3F69470527D1660600A814C2;
					};
					3F69472527D1660700A814C2 = {
						CreatedOnToolsVersion = 13.0;
						TestTargetID = 3F69470527D1660600A814C2;
					};
				};
			};
			buildConfigurationList = 3F69470127D1660600A814C2 /* Build configuration list for PBXProject "Tsytsyk_SearchApp" */;
			compatibilityVersion = "Xcode 13.0";
			developmentRegion = en;
			hasScannedForEncodings = 0;
			knownRegions = (
				en,
				Base,
			);
			mainGroup = 3F6946FD27D1660600A814C2;
			productRefGroup = 3F69470727D1660600A814C2 /* Products */;
			projectDirPath = "";
			projectRoot = "";
			targets = (
				3F69470527D1660600A814C2 /* Tsytsyk_SearchApp */,
				3F69471B27D1660700A814C2 /* Tsytsyk_SearchAppTests */,
				3F69472527D1660700A814C2 /* Tsytsyk_SearchAppUITests */,
			);
		};
/* End PBXProject section */

/* Begin PBXResourcesBuildPhase section */
		3F69470427D1660600A814C2 /* Resources */ = {
			isa = PBXResourcesBuildPhase;
			buildActionMask = 2147483647;
			files = (
				3F69471627D1660700A814C2 /* LaunchScreen.storyboard in Resources */,
				3F69471327D1660700A814C2 /* Assets.xcassets in Resources */,
				3F69471127D1660600A814C2 /* Main.storyboard in Resources */,
			);
			runOnlyForDeploymentPostprocessing = 0;
		};
		3F69471A27D1660700A814C2 /* Resources */ = {
			isa = PBXResourcesBuildPhase;
			buildActionMask = 2147483647;
			files = (
			);
			runOnlyForDeploymentPostprocessing = 0;
		};
		3F69472427D1660700A814C2 /* Resources */ = {
			isa = PBXResourcesBuildPhase;
			buildActionMask = 2147483647;
			files = (
			);
			runOnlyForDeploymentPostprocessing = 0;
		};
/* End PBXResourcesBuildPhase section */

/* Begin PBXSourcesBuildPhase section */
		3F69470227D1660600A814C2 /* Sources */ = {
			isa = PBXSourcesBuildPhase;
			buildActionMask = 2147483647;
			files = (
				3F69470E27D1660600A814C2 /* ViewController.swift in Sources */,
				3F69470A27D1660600A814C2 /* AppDelegate.swift in Sources */,
				3F69470C27D1660600A814C2 /* SceneDelegate.swift in Sources */,
			);
			runOnlyForDeploymentPostprocessing = 0;
		};
		3F69471827D1660700A814C2 /* Sources */ = {
			isa = PBXSourcesBuildPhase;
			buildActionMask = 2147483647;
			files = (
				3F69472127D1660700A814C2 /* Tsytsyk_SearchAppTests.swift in Sources */,
			);
			runOnlyForDeploymentPostprocessing = 0;
		};
		3F69472227D1660700A814C2 /* Sources */ = {
			isa = PBXSourcesBuildPhase;
			buildActionMask = 2147483647;
			files = (
				3F69472D27D1660700A814C2 /* Tsytsyk_SearchAppUITestsLaunchTests.swift in Sources */,
				3F69472B27D1660700A814C2 /* Tsytsyk_SearchAppUITests.swift in Sources */,
			);
			runOnlyForDeploymentPostprocessing = 0;
		};
/* End PBXSourcesBuildPhase section */

/* Begin PBXTargetDependency section */
		3F69471E27D1660700A814C2 /* PBXTargetDependency */ = {
			isa = PBXTargetDependency;
			target = 3F69470527D1660600A814C2 /* Tsytsyk_SearchApp */;
			targetProxy = 3F69471D27D1660700A814C2 /* PBXContainerItemProxy */;
		};
		3F69472827D1660700A814C2 /* PBXTargetDependency */ = {
			isa = PBXTargetDependency;
			target = 3F69470527D1660600A814C2 /* Tsytsyk_SearchApp */;
			targetProxy = 3F69472727D1660700A814C2 /* PBXContainerItemProxy */;
		};
/* End PBXTargetDependency section */

/* Begin PBXVariantGroup section */
		3F69470F27D1660600A814C2 /* Main.storyboard */ = {
			isa = PBXVariantGroup;
			children = (
				3F69471027D1660600A814C2 /* Base */,
			);
			name = Main.storyboard;
			sourceTree = "<group>";
		};
		3F69471427D1660700A814C2 /* LaunchScreen.storyboard */ = {
			isa = PBXVariantGroup;
			children = (
				3F69471527D1660700A814C2 /* Base */,
			);
			name = LaunchScreen.storyboard;
			sourceTree = "<group>";
		};
/* End PBXVariantGroup section */

/* Begin XCBuildConfiguration section */
		3F69472E27D1660700A814C2 /* Debug */ = {
			isa = XCBuildConfiguration;
			buildSettings = {
				ALWAYS_SEARCH_USER_PATHS = NO;
				CLANG_ANALYZER_NONNULL = YES;
				CLANG_ANALYZER_NUMBER_OBJECT_CONVERSION = YES_AGGRESSIVE;
				CLANG_CXX_LANGUAGE_STANDARD = "gnu++17";
				CLANG_CXX_LIBRARY = "libc++";
				CLANG_ENABLE_MODULES = YES;
				CLANG_ENABLE_OBJC_ARC = YES;
				CLANG_ENABLE_OBJC_WEAK = YES;
				CLANG_WARN_BLOCK_CAPTURE_AUTORELEASING = YES;
				CLANG_WARN_BOOL_CONVERSION = YES;
				CLANG_WARN_COMMA = YES;
				CLANG_WARN_CONSTANT_CONVERSION = YES;
				CLANG_WARN_DEPRECATED_OBJC_IMPLEMENTATIONS = YES;
				CLANG_WARN_DIRECT_OBJC_ISA_USAGE = YES_ERROR;
				CLANG_WARN_DOCUMENTATION_COMMENTS = YES;
				CLANG_WARN_EMPTY_BODY = YES;
				CLANG_WARN_ENUM_CONVERSION = YES;
				CLANG_WARN_INFINITE_RECURSION = YES;
				CLANG_WARN_INT_CONVERSION = YES;
				CLANG_WARN_NON_LITERAL_NULL_CONVERSION = YES;
				CLANG_WARN_OBJC_IMPLICIT_RETAIN_SELF = YES;
				CLANG_WARN_OBJC_LITERAL_CONVERSION = YES;
				CLANG_WARN_OBJC_ROOT_CLASS = YES_ERROR;
				CLANG_WARN_QUOTED_INCLUDE_IN_FRAMEWORK_HEADER = YES;
				CLANG_WARN_RANGE_LOOP_ANALYSIS = YES;
				CLANG_WARN_STRICT_PROTOTYPES = YES;
				CLANG_WARN_SUSPICIOUS_MOVE = YES;
				CLANG_WARN_UNGUARDED_AVAILABILITY = YES_AGGRESSIVE;
				CLANG_WARN_UNREACHABLE_CODE = YES;
				CLANG_WARN__DUPLICATE_METHOD_MATCH = YES;
				COPY_PHASE_STRIP = NO;
				DEBUG_INFORMATION_FORMAT = dwarf;
				ENABLE_STRICT_OBJC_MSGSEND = YES;
				ENABLE_TESTABILITY = YES;
				GCC_C_LANGUAGE_STANDARD = gnu11;
				GCC_DYNAMIC_NO_PIC = NO;
				GCC_NO_COMMON_BLOCKS = YES;
				GCC_OPTIMIZATION_LEVEL = 0;
				GCC_PREPROCESSOR_DEFINITIONS = (
					"DEBUG=1",
					"$(inherited)",
				);
				GCC_WARN_64_TO_32_BIT_CONVERSION = YES;
				GCC_WARN_ABOUT_RETURN_TYPE = YES_ERROR;
				GCC_WARN_UNDECLARED_SELECTOR = YES;
				GCC_WARN_UNINITIALIZED_AUTOS = YES_AGGRESSIVE;
				GCC_WARN_UNUSED_FUNCTION = YES;
				GCC_WARN_UNUSED_VARIABLE = YES;
				IPHONEOS_DEPLOYMENT_TARGET = 15.0;
				MTL_ENABLE_DEBUG_INFO = INCLUDE_SOURCE;
				MTL_FAST_MATH = YES;
				ONLY_ACTIVE_ARCH = YES;
				SDKROOT = iphoneos;
				SWIFT_ACTIVE_COMPILATION_CONDITIONS = DEBUG;
				SWIFT_OPTIMIZATION_LEVEL = "-Onone";
			};
			name = Debug;
		};
		3F69472F27D1660700A814C2 /* Release */ = {
			isa = XCBuildConfiguration;
			buildSettings = {
				ALWAYS_SEARCH_USER_PATHS = NO;
				CLANG_ANALYZER_NONNULL = YES;
				CLANG_ANALYZER_NUMBER_OBJECT_CONVERSION = YES_AGGRESSIVE;
				CLANG_CXX_LANGUAGE_STANDARD = "gnu++17";
				CLANG_CXX_LIBRARY = "libc++";
				CLANG_ENABLE_MODULES = YES;
				CLANG_ENABLE_OBJC_ARC = YES;
				CLANG_ENABLE_OBJC_WEAK = YES;
				CLANG_WARN_BLOCK_CAPTURE_AUTORELEASING = YES;
				CLANG_WARN_BOOL_CONVERSION = YES;
				CLANG_WARN_COMMA = YES;
				CLANG_WARN_CONSTANT_CONVERSION = YES;
				CLANG_WARN_DEPRECATED_OBJC_IMPLEMENTATIONS = YES;
				CLANG_WARN_DIRECT_OBJC_ISA_USAGE = YES_ERROR;
				CLANG_WARN_DOCUMENTATION_COMMENTS = YES;
				CLANG_WARN_EMPTY_BODY = YES;
				CLANG_WARN_ENUM_CONVERSION = YES;
				CLANG_WARN_INFINITE_RECURSION = YES;
				CLANG_WARN_INT_CONVERSION = YES;
				CLANG_WARN_NON_LITERAL_NULL_CONVERSION = YES;
				CLANG_WARN_OBJC_IMPLICIT_RETAIN_SELF = YES;
				CLANG_WARN_OBJC_LITERAL_CONVERSION = YES;
				CLANG_WARN_OBJC_ROOT_CLASS = YES_ERROR;
				CLANG_WARN_QUOTED_INCLUDE_IN_FRAMEWORK_HEADER = YES;
				CLANG_WARN_RANGE_LOOP_ANALYSIS = YES;
				CLANG_WARN_STRICT_PROTOTYPES = YES;
				CLANG_WARN_SUSPICIOUS_MOVE = YES;
				CLANG_WARN_UNGUARDED_AVAILABILITY = YES_AGGRESSIVE;
				CLANG_WARN_UNREACHABLE_CODE = YES;
				CLANG_WARN__DUPLICATE_METHOD_MATCH = YES;
				COPY_PHASE_STRIP = NO;
				DEBUG_INFORMATION_FORMAT = "dwarf-with-dsym";
				ENABLE_NS_ASSERTIONS = NO;
				ENABLE_STRICT_OBJC_MSGSEND = YES;
				GCC_C_LANGUAGE_STANDARD = gnu11;
				GCC_NO_COMMON_BLOCKS = YES;
				GCC_WARN_64_TO_32_BIT_CONVERSION = YES;
				GCC_WARN_ABOUT_RETURN_TYPE = YES_ERROR;
				GCC_WARN_UNDECLARED_SELECTOR = YES;
				GCC_WARN_UNINITIALIZED_AUTOS = YES_AGGRESSIVE;
				GCC_WARN_UNUSED_FUNCTION = YES;
				GCC_WARN_UNUSED_VARIABLE = YES;
				IPHONEOS_DEPLOYMENT_TARGET = 15.0;
				MTL_ENABLE_DEBUG_INFO = NO;
				MTL_FAST_MATH = YES;
				SDKROOT = iphoneos;
				SWIFT_COMPILATION_MODE = wholemodule;
				SWIFT_OPTIMIZATION_LEVEL = "-O";
				VALIDATE_PRODUCT = YES;
			};
			name = Release;
		};
		3F69473127D1660700A814C2 /* Debug */ = {
			isa = XCBuildConfiguration;
			buildSettings = {
				ASSETCATALOG_COMPILER_APPICON_NAME = AppIcon;
				ASSETCATALOG_COMPILER_GLOBAL_ACCENT_COLOR_NAME = AccentColor;
				CODE_SIGN_STYLE = Automatic;
				CURRENT_PROJECT_VERSION = 1;
				GENERATE_INFOPLIST_FILE = YES;
				INFOPLIST_FILE = Tsytsyk_SearchApp/Info.plist;
				INFOPLIST_KEY_CFBundleDisplayName = Tsytsyk_SearchApp;
				INFOPLIST_KEY_UIApplicationSupportsIndirectInputEvents = YES;
				INFOPLIST_KEY_UILaunchStoryboardName = LaunchScreen;
				INFOPLIST_KEY_UIMainStoryboardFile = Main;
				INFOPLIST_KEY_UISupportedInterfaceOrientations_iPad = "UIInterfaceOrientationPortrait UIInterfaceOrientationPortraitUpsideDown UIInterfaceOrientationLandscapeLeft UIInterfaceOrientationLandscapeRight";
				INFOPLIST_KEY_UISupportedInterfaceOrientations_iPhone = "UIInterfaceOrientationPortrait UIInterfaceOrientationLandscapeLeft UIInterfaceOrientationLandscapeRight";
				LD_RUNPATH_SEARCH_PATHS = (
					"$(inherited)",
					"@executable_path/Frameworks",
				);
				MARKETING_VERSION = 1.0;
				PRODUCT_BUNDLE_IDENTIFIER = "nwmsu.Tsytsyk-SearchApp";
				PRODUCT_NAME = "$(TARGET_NAME)";
				SWIFT_EMIT_LOC_STRINGS = YES;
				SWIFT_VERSION = 5.0;
				TARGETED_DEVICE_FAMILY = "1,2";
			};
			name = Debug;
		};
		3F69473227D1660700A814C2 /* Release */ = {
			isa = XCBuildConfiguration;
			buildSettings = {
				ASSETCATALOG_COMPILER_APPICON_NAME = AppIcon;
				ASSETCATALOG_COMPILER_GLOBAL_ACCENT_COLOR_NAME = AccentColor;
				CODE_SIGN_STYLE = Automatic;
				CURRENT_PROJECT_VERSION = 1;
				GENERATE_INFOPLIST_FILE = YES;
				INFOPLIST_FILE = Tsytsyk_SearchApp/Info.plist;
				INFOPLIST_KEY_CFBundleDisplayName = Tsytsyk_SearchApp;
				INFOPLIST_KEY_UIApplicationSupportsIndirectInputEvents = YES;
				INFOPLIST_KEY_UILaunchStoryboardName = LaunchScreen;
				INFOPLIST_KEY_UIMainStoryboardFile = Main;
				INFOPLIST_KEY_UISupportedInterfaceOrientations_iPad = "UIInterfaceOrientationPortrait UIInterfaceOrientationPortraitUpsideDown UIInterfaceOrientationLandscapeLeft UIInterfaceOrientationLandscapeRight";
				INFOPLIST_KEY_UISupportedInterfaceOrientations_iPhone = "UIInterfaceOrientationPortrait UIInterfaceOrientationLandscapeLeft UIInterfaceOrientationLandscapeRight";
				LD_RUNPATH_SEARCH_PATHS = (
					"$(inherited)",
					"@executable_path/Frameworks",
				);
				MARKETING_VERSION = 1.0;
				PRODUCT_BUNDLE_IDENTIFIER = "nwmsu.Tsytsyk-SearchApp";
				PRODUCT_NAME = "$(TARGET_NAME)";
				SWIFT_EMIT_LOC_STRINGS = YES;
				SWIFT_VERSION = 5.0;
				TARGETED_DEVICE_FAMILY = "1,2";
			};
			name = Release;
		};
		3F69473427D1660700A814C2 /* Debug */ = {
			isa = XCBuildConfiguration;
			buildSettings = {
				ALWAYS_EMBED_SWIFT_STANDARD_LIBRARIES = YES;
				BUNDLE_LOADER = "$(TEST_HOST)";
				CODE_SIGN_STYLE = Automatic;
				CURRENT_PROJECT_VERSION = 1;
				GENERATE_INFOPLIST_FILE = YES;
				IPHONEOS_DEPLOYMENT_TARGET = 15.0;
				LD_RUNPATH_SEARCH_PATHS = (
					"$(inherited)",
					"@executable_path/Frameworks",
					"@loader_path/Frameworks",
				);
				MARKETING_VERSION = 1.0;
				PRODUCT_BUNDLE_IDENTIFIER = "nwmsu.Tsytsyk-SearchAppTests";
				PRODUCT_NAME = "$(TARGET_NAME)";
				SWIFT_EMIT_LOC_STRINGS = NO;
				SWIFT_VERSION = 5.0;
				TARGETED_DEVICE_FAMILY = "1,2";
				TEST_HOST = "$(BUILT_PRODUCTS_DIR)/Tsytsyk_SearchApp.app/Tsytsyk_SearchApp";
			};
			name = Debug;
		};
		3F69473527D1660700A814C2 /* Release */ = {
			isa = XCBuildConfiguration;
			buildSettings = {
				ALWAYS_EMBED_SWIFT_STANDARD_LIBRARIES = YES;
				BUNDLE_LOADER = "$(TEST_HOST)";
				CODE_SIGN_STYLE = Automatic;
				CURRENT_PROJECT_VERSION = 1;
				GENERATE_INFOPLIST_FILE = YES;
				IPHONEOS_DEPLOYMENT_TARGET = 15.0;
				LD_RUNPATH_SEARCH_PATHS = (
					"$(inherited)",
					"@executable_path/Frameworks",
					"@loader_path/Frameworks",
				);
				MARKETING_VERSION = 1.0;
				PRODUCT_BUNDLE_IDENTIFIER = "nwmsu.Tsytsyk-SearchAppTests";
				PRODUCT_NAME = "$(TARGET_NAME)";
				SWIFT_EMIT_LOC_STRINGS = NO;
				SWIFT_VERSION = 5.0;
				TARGETED_DEVICE_FAMILY = "1,2";
				TEST_HOST = "$(BUILT_PRODUCTS_DIR)/Tsytsyk_SearchApp.app/Tsytsyk_SearchApp";
			};
			name = Release;
		};
		3F69473727D1660700A814C2 /* Debug */ = {
			isa = XCBuildConfiguration;
			buildSettings = {
				ALWAYS_EMBED_SWIFT_STANDARD_LIBRARIES = YES;
				CODE_SIGN_STYLE = Automatic;
				CURRENT_PROJECT_VERSION = 1;
				GENERATE_INFOPLIST_FILE = YES;
				LD_RUNPATH_SEARCH_PATHS = (
					"$(inherited)",
					"@executable_path/Frameworks",
					"@loader_path/Frameworks",
				);
				MARKETING_VERSION = 1.0;
				PRODUCT_BUNDLE_IDENTIFIER = "nwmsu.Tsytsyk-SearchAppUITests";
				PRODUCT_NAME = "$(TARGET_NAME)";
				SWIFT_EMIT_LOC_STRINGS = NO;
				SWIFT_VERSION = 5.0;
				TARGETED_DEVICE_FAMILY = "1,2";
				TEST_TARGET_NAME = Tsytsyk_SearchApp;
			};
			name = Debug;
		};
		3F69473827D1660700A814C2 /* Release */ = {
			isa = XCBuildConfiguration;
			buildSettings = {
				ALWAYS_EMBED_SWIFT_STANDARD_LIBRARIES = YES;
				CODE_SIGN_STYLE = Automatic;
				CURRENT_PROJECT_VERSION = 1;
				GENERATE_INFOPLIST_FILE = YES;
				LD_RUNPATH_SEARCH_PATHS = (
					"$(inherited)",
					"@executable_path/Frameworks",
					"@loader_path/Frameworks",
				);
				MARKETING_VERSION = 1.0;
				PRODUCT_BUNDLE_IDENTIFIER = "nwmsu.Tsytsyk-SearchAppUITests";
				PRODUCT_NAME = "$(TARGET_NAME)";
				SWIFT_EMIT_LOC_STRINGS = NO;
				SWIFT_VERSION = 5.0;
				TARGETED_DEVICE_FAMILY = "1,2";
				TEST_TARGET_NAME = Tsytsyk_SearchApp;
			};
			name = Release;
		};
/* End XCBuildConfiguration section */

/* Begin XCConfigurationList section */
		3F69470127D1660600A814C2 /* Build configuration list for PBXProject "Tsytsyk_SearchApp" */ = {
			isa = XCConfigurationList;
			buildConfigurations = (
				3F69472E27D1660700A814C2 /* Debug */,
				3F69472F27D1660700A814C2 /* Release */,
			);
			defaultConfigurationIsVisible = 0;
			defaultConfigurationName = Release;
		};
		3F69473027D1660700A814C2 /* Build configuration list for PBXNativeTarget "Tsytsyk_SearchApp" */ = {
			isa = XCConfigurationList;
			buildConfigurations = (
				3F69473127D1660700A814C2 /* Debug */,
				3F69473227D1660700A814C2 /* Release */,
			);
			defaultConfigurationIsVisible = 0;
			defaultConfigurationName = Release;
		};
		3F69473327D1660700A814C2 /* Build configuration list for PBXNativeTarget "Tsytsyk_SearchAppTests" */ = {
			isa = XCConfigurationList;
			buildConfigurations = (
				3F69473427D1660700A814C2 /* Debug */,
				3F69473527D1660700A814C2 /* Release */,
			);
			defaultConfigurationIsVisible = 0;
			defaultConfigurationName = Release;
		};
		3F69473627D1660700A814C2 /* Build configuration list for PBXNativeTarget "Tsytsyk_SearchAppUITests" */ = {
			isa = XCConfigurationList;
			buildConfigurations = (
				3F69473727D1660700A814C2 /* Debug */,
				3F69473827D1660700A814C2 /* Release */,
			);
			defaultConfigurationIsVisible = 0;
			defaultConfigurationName = Release;
		};
/* End XCConfigurationList section */
	};
	rootObject = 3F6946FE27D1660600A814C2 /* Project object */;
}
